// !$*UTF8*$!
{
	archiveVersion = 1;
	classes = {
	};
	objectVersion = 52;
	objects = {

/* Begin PBXBuildFile section */
		88C0F8762603A93C0084A05E /* RobotoCondensed-Bold.ttf in Resources */ = {isa = PBXBuildFile; fileRef = 88C0F8732603A9340084A05E /* RobotoCondensed-Bold.ttf */; };
		88C0F8772603A93C0084A05E /* RobotoCondensed-Regular.ttf in Resources */ = {isa = PBXBuildFile; fileRef = 88C0F8742603A9340084A05E /* RobotoCondensed-Regular.ttf */; };
		88C0F8822603CA750084A05E /* Coordinator.swift in Sources */ = {isa = PBXBuildFile; fileRef = 88C0F8812603CA750084A05E /* Coordinator.swift */; };
		88C0F8862603CA910084A05E /* MainCoordinator.swift in Sources */ = {isa = PBXBuildFile; fileRef = 88C0F8852603CA910084A05E /* MainCoordinator.swift */; };
		88C0F88A2603CAF40084A05E /* FeedViewController.swift in Sources */ = {isa = PBXBuildFile; fileRef = 88C0F8892603CAF40084A05E /* FeedViewController.swift */; };
		88C0F88E2603CB700084A05E /* FeedViewController.xib in Resources */ = {isa = PBXBuildFile; fileRef = 88C0F88D2603CB700084A05E /* FeedViewController.xib */; };
		88C0F8992603E7650084A05E /* AuthorizationManager.swift in Sources */ = {isa = PBXBuildFile; fileRef = 88C0F8982603E7650084A05E /* AuthorizationManager.swift */; };
		88C0F89E2603E7BA0084A05E /* KeychainAccess in Frameworks */ = {isa = PBXBuildFile; productRef = 88C0F89D2603E7BA0084A05E /* KeychainAccess */; };
		88C0F8A12603E84B0084A05E /* Keychain+Key.swift in Sources */ = {isa = PBXBuildFile; fileRef = 88C0F8A02603E84B0084A05E /* Keychain+Key.swift */; };
		88C0F8A62603E98C0084A05E /* ProfileViewController.swift in Sources */ = {isa = PBXBuildFile; fileRef = 88C0F8A52603E98C0084A05E /* ProfileViewController.swift */; };
		88C0F8A92603E9910084A05E /* ProfileViewController.xib in Resources */ = {isa = PBXBuildFile; fileRef = 88C0F8A82603E9910084A05E /* ProfileViewController.xib */; };
		88C0F8AE2603E9CE0084A05E /* LoginViewController.xib in Resources */ = {isa = PBXBuildFile; fileRef = 88C0F8AD2603E9CE0084A05E /* LoginViewController.xib */; };
		88C0F8B12603E9D20084A05E /* LoginViewController.swift in Sources */ = {isa = PBXBuildFile; fileRef = 88C0F8B02603E9D20084A05E /* LoginViewController.swift */; };
		88C0F8B7260406980084A05E /* UIColor.swift in Sources */ = {isa = PBXBuildFile; fileRef = 88C0F8B6260406980084A05E /* UIColor.swift */; };
		D93487F526049AEA005A8291 /* TotalizatorNetworkLayer in Frameworks */ = {isa = PBXBuildFile; productRef = D93487F426049AEA005A8291 /* TotalizatorNetworkLayer */; };
		D93BFEB1260363EF00BB93F1 /* AppDelegate.swift in Sources */ = {isa = PBXBuildFile; fileRef = D93BFEB0260363EF00BB93F1 /* AppDelegate.swift */; };
		D93BFEB3260363EF00BB93F1 /* SceneDelegate.swift in Sources */ = {isa = PBXBuildFile; fileRef = D93BFEB2260363EF00BB93F1 /* SceneDelegate.swift */; };
		D93BFEBA260363F200BB93F1 /* Assets.xcassets in Resources */ = {isa = PBXBuildFile; fileRef = D93BFEB9260363F200BB93F1 /* Assets.xcassets */; };
		D93BFEBD260363F200BB93F1 /* LaunchScreen.storyboard in Resources */ = {isa = PBXBuildFile; fileRef = D93BFEBB260363F200BB93F1 /* LaunchScreen.storyboard */; };
/* End PBXBuildFile section */

/* Begin PBXFileReference section */
		88C0F8732603A9340084A05E /* RobotoCondensed-Bold.ttf */ = {isa = PBXFileReference; lastKnownFileType = file; path = "RobotoCondensed-Bold.ttf"; sourceTree = "<group>"; };
		88C0F8742603A9340084A05E /* RobotoCondensed-Regular.ttf */ = {isa = PBXFileReference; lastKnownFileType = file; path = "RobotoCondensed-Regular.ttf"; sourceTree = "<group>"; };
		88C0F8812603CA750084A05E /* Coordinator.swift */ = {isa = PBXFileReference; lastKnownFileType = sourcecode.swift; path = Coordinator.swift; sourceTree = "<group>"; };
		88C0F8852603CA910084A05E /* MainCoordinator.swift */ = {isa = PBXFileReference; lastKnownFileType = sourcecode.swift; path = MainCoordinator.swift; sourceTree = "<group>"; };
		88C0F8892603CAF40084A05E /* FeedViewController.swift */ = {isa = PBXFileReference; lastKnownFileType = sourcecode.swift; path = FeedViewController.swift; sourceTree = "<group>"; };
		88C0F88D2603CB700084A05E /* FeedViewController.xib */ = {isa = PBXFileReference; lastKnownFileType = file.xib; path = FeedViewController.xib; sourceTree = "<group>"; };
		88C0F8982603E7650084A05E /* AuthorizationManager.swift */ = {isa = PBXFileReference; lastKnownFileType = sourcecode.swift; path = AuthorizationManager.swift; sourceTree = "<group>"; };
		88C0F8A02603E84B0084A05E /* Keychain+Key.swift */ = {isa = PBXFileReference; lastKnownFileType = sourcecode.swift; path = "Keychain+Key.swift"; sourceTree = "<group>"; };
		88C0F8A52603E98C0084A05E /* ProfileViewController.swift */ = {isa = PBXFileReference; lastKnownFileType = sourcecode.swift; path = ProfileViewController.swift; sourceTree = "<group>"; };
		88C0F8A82603E9910084A05E /* ProfileViewController.xib */ = {isa = PBXFileReference; lastKnownFileType = file.xib; path = ProfileViewController.xib; sourceTree = "<group>"; };
		88C0F8AD2603E9CE0084A05E /* LoginViewController.xib */ = {isa = PBXFileReference; lastKnownFileType = file.xib; path = LoginViewController.xib; sourceTree = "<group>"; };
		88C0F8B02603E9D20084A05E /* LoginViewController.swift */ = {isa = PBXFileReference; lastKnownFileType = sourcecode.swift; path = LoginViewController.swift; sourceTree = "<group>"; };
		88C0F8B6260406980084A05E /* UIColor.swift */ = {isa = PBXFileReference; lastKnownFileType = sourcecode.swift; path = UIColor.swift; sourceTree = "<group>"; };
		D93BFEAD260363EF00BB93F1 /* PMProject.app */ = {isa = PBXFileReference; explicitFileType = wrapper.application; includeInIndex = 0; path = PMProject.app; sourceTree = BUILT_PRODUCTS_DIR; };
		D93BFEB0260363EF00BB93F1 /* AppDelegate.swift */ = {isa = PBXFileReference; lastKnownFileType = sourcecode.swift; path = AppDelegate.swift; sourceTree = "<group>"; };
		D93BFEB2260363EF00BB93F1 /* SceneDelegate.swift */ = {isa = PBXFileReference; lastKnownFileType = sourcecode.swift; path = SceneDelegate.swift; sourceTree = "<group>"; };
		D93BFEB9260363F200BB93F1 /* Assets.xcassets */ = {isa = PBXFileReference; lastKnownFileType = folder.assetcatalog; path = Assets.xcassets; sourceTree = "<group>"; };
		D93BFEBC260363F200BB93F1 /* Base */ = {isa = PBXFileReference; lastKnownFileType = file.storyboard; name = Base; path = Base.lproj/LaunchScreen.storyboard; sourceTree = "<group>"; };
		D93BFEBE260363F200BB93F1 /* Info.plist */ = {isa = PBXFileReference; lastKnownFileType = text.plist.xml; path = Info.plist; sourceTree = "<group>"; };
/* End PBXFileReference section */

/* Begin PBXFrameworksBuildPhase section */
		D93BFEAA260363EF00BB93F1 /* Frameworks */ = {
			isa = PBXFrameworksBuildPhase;
			buildActionMask = 2147483647;
			files = (
				88C0F89E2603E7BA0084A05E /* KeychainAccess in Frameworks */,
				D93487F526049AEA005A8291 /* TotalizatorNetworkLayer in Frameworks */,
			);
			runOnlyForDeploymentPostprocessing = 0;
		};
/* End PBXFrameworksBuildPhase section */

/* Begin PBXGroup section */
		88C0F8712603A9340084A05E /* Resources */ = {
			isa = PBXGroup;
			children = (
				88C0F8722603A9340084A05E /* Font */,
			);
			path = Resources;
			sourceTree = "<group>";
		};
		88C0F8722603A9340084A05E /* Font */ = {
			isa = PBXGroup;
			children = (
				88C0F8732603A9340084A05E /* RobotoCondensed-Bold.ttf */,
				88C0F8742603A9340084A05E /* RobotoCondensed-Regular.ttf */,
			);
			path = Font;
			sourceTree = "<group>";
		};
		88C0F8792603C77C0084A05E /* Model */ = {
			isa = PBXGroup;
			children = (
				88C0F8972603E7480084A05E /* AuthorizationManager */,
				88C0F87F2603CA580084A05E /* Coordinator */,
			);
			path = Model;
			sourceTree = "<group>";
		};
		88C0F87A2603C7890084A05E /* ViewController */ = {
			isa = PBXGroup;
			children = (
				88C0F8AC2603E9CA0084A05E /* LoginViewController */,
				88C0F8A42603E9820084A05E /* ProfileViewController */,
				88C0F8882603CAE90084A05E /* FeedViewController */,
			);
			path = ViewController;
			sourceTree = "<group>";
		};
		88C0F87D2603C79F0084A05E /* Extension */ = {
			isa = PBXGroup;
			children = (
				88C0F8A02603E84B0084A05E /* Keychain+Key.swift */,
				88C0F8B6260406980084A05E /* UIColor.swift */,
			);
			path = Extension;
			sourceTree = "<group>";
		};
		88C0F87F2603CA580084A05E /* Coordinator */ = {
			isa = PBXGroup;
			children = (
				88C0F8852603CA910084A05E /* MainCoordinator.swift */,
			);
			path = Coordinator;
			sourceTree = "<group>";
		};
		88C0F8802603CA630084A05E /* Protocols */ = {
			isa = PBXGroup;
			children = (
				88C0F8812603CA750084A05E /* Coordinator.swift */,
			);
			path = Protocols;
			sourceTree = "<group>";
		};
		88C0F8882603CAE90084A05E /* FeedViewController */ = {
			isa = PBXGroup;
			children = (
				88C0F8892603CAF40084A05E /* FeedViewController.swift */,
				88C0F88D2603CB700084A05E /* FeedViewController.xib */,
			);
			path = FeedViewController;
			sourceTree = "<group>";
		};
		88C0F8972603E7480084A05E /* AuthorizationManager */ = {
			isa = PBXGroup;
			children = (
				88C0F8982603E7650084A05E /* AuthorizationManager.swift */,
			);
			path = AuthorizationManager;
			sourceTree = "<group>";
		};
		88C0F8A42603E9820084A05E /* ProfileViewController */ = {
			isa = PBXGroup;
			children = (
				88C0F8A52603E98C0084A05E /* ProfileViewController.swift */,
				88C0F8A82603E9910084A05E /* ProfileViewController.xib */,
			);
			path = ProfileViewController;
			sourceTree = "<group>";
		};
		88C0F8AC2603E9CA0084A05E /* LoginViewController */ = {
			isa = PBXGroup;
			children = (
				88C0F8AD2603E9CE0084A05E /* LoginViewController.xib */,
				88C0F8B02603E9D20084A05E /* LoginViewController.swift */,
			);
			path = LoginViewController;
			sourceTree = "<group>";
		};
		D93BFEA4260363EF00BB93F1 = {
			isa = PBXGroup;
			children = (
				D93BFEAF260363EF00BB93F1 /* PMProject */,
				D93BFEAE260363EF00BB93F1 /* Products */,
				D93BFEC72603642200BB93F1 /* Frameworks */,
			);
			sourceTree = "<group>";
		};
		D93BFEAE260363EF00BB93F1 /* Products */ = {
			isa = PBXGroup;
			children = (
				D93BFEAD260363EF00BB93F1 /* PMProject.app */,
			);
			name = Products;
			sourceTree = "<group>";
		};
		D93BFEAF260363EF00BB93F1 /* PMProject */ = {
			isa = PBXGroup;
			children = (
				88C0F87D2603C79F0084A05E /* Extension */,
				88C0F87A2603C7890084A05E /* ViewController */,
				88C0F8802603CA630084A05E /* Protocols */,
				88C0F8792603C77C0084A05E /* Model */,
				88C0F8712603A9340084A05E /* Resources */,
				D93BFEB0260363EF00BB93F1 /* AppDelegate.swift */,
				D93BFEB2260363EF00BB93F1 /* SceneDelegate.swift */,
				D93BFEB9260363F200BB93F1 /* Assets.xcassets */,
				D93BFEBB260363F200BB93F1 /* LaunchScreen.storyboard */,
				D93BFEBE260363F200BB93F1 /* Info.plist */,
			);
			path = PMProject;
			sourceTree = "<group>";
		};
		D93BFEC72603642200BB93F1 /* Frameworks */ = {
			isa = PBXGroup;
			children = (
			);
			name = Frameworks;
			sourceTree = "<group>";
		};
/* End PBXGroup section */

/* Begin PBXNativeTarget section */
		D93BFEAC260363EF00BB93F1 /* PMProject */ = {
			isa = PBXNativeTarget;
			buildConfigurationList = D93BFEC1260363F200BB93F1 /* Build configuration list for PBXNativeTarget "PMProject" */;
			buildPhases = (
				D93BFEA9260363EF00BB93F1 /* Sources */,
				D93BFEAA260363EF00BB93F1 /* Frameworks */,
				D93BFEAB260363EF00BB93F1 /* Resources */,
			);
			buildRules = (
			);
			dependencies = (
			);
			name = PMProject;
			packageProductDependencies = (
				88C0F89D2603E7BA0084A05E /* KeychainAccess */,
				D93487F426049AEA005A8291 /* TotalizatorNetworkLayer */,
			);
			productName = PMProject;
			productReference = D93BFEAD260363EF00BB93F1 /* PMProject.app */;
			productType = "com.apple.product-type.application";
		};
/* End PBXNativeTarget section */

/* Begin PBXProject section */
		D93BFEA5260363EF00BB93F1 /* Project object */ = {
			isa = PBXProject;
			attributes = {
				LastSwiftUpdateCheck = 1240;
				LastUpgradeCheck = 1240;
				TargetAttributes = {
					D93BFEAC260363EF00BB93F1 = {
						CreatedOnToolsVersion = 12.4;
					};
				};
			};
			buildConfigurationList = D93BFEA8260363EF00BB93F1 /* Build configuration list for PBXProject "PMProject" */;
			compatibilityVersion = "Xcode 9.3";
			developmentRegion = en;
			hasScannedForEncodings = 0;
			knownRegions = (
				en,
				Base,
			);
			mainGroup = D93BFEA4260363EF00BB93F1;
			packageReferences = (
				88C0F89C2603E7BA0084A05E /* XCRemoteSwiftPackageReference "KeychainAccess" */,
				D93487F326049AEA005A8291 /* XCRemoteSwiftPackageReference "TotalizatorNetworkLayer" */,
			);
			productRefGroup = D93BFEAE260363EF00BB93F1 /* Products */;
			projectDirPath = "";
			projectRoot = "";
			targets = (
				D93BFEAC260363EF00BB93F1 /* PMProject */,
			);
		};
/* End PBXProject section */

/* Begin PBXResourcesBuildPhase section */
		D93BFEAB260363EF00BB93F1 /* Resources */ = {
			isa = PBXResourcesBuildPhase;
			buildActionMask = 2147483647;
			files = (
				88C0F8A92603E9910084A05E /* ProfileViewController.xib in Resources */,
				88C0F8762603A93C0084A05E /* RobotoCondensed-Bold.ttf in Resources */,
				88C0F8772603A93C0084A05E /* RobotoCondensed-Regular.ttf in Resources */,
				D93BFEBD260363F200BB93F1 /* LaunchScreen.storyboard in Resources */,
				D93BFEBA260363F200BB93F1 /* Assets.xcassets in Resources */,
				88C0F8AE2603E9CE0084A05E /* LoginViewController.xib in Resources */,
				88C0F88E2603CB700084A05E /* FeedViewController.xib in Resources */,
			);
			runOnlyForDeploymentPostprocessing = 0;
		};
/* End PBXResourcesBuildPhase section */

/* Begin PBXSourcesBuildPhase section */
		D93BFEA9260363EF00BB93F1 /* Sources */ = {
			isa = PBXSourcesBuildPhase;
			buildActionMask = 2147483647;
			files = (
				88C0F8B12603E9D20084A05E /* LoginViewController.swift in Sources */,
				88C0F8822603CA750084A05E /* Coordinator.swift in Sources */,
				D93BFEB1260363EF00BB93F1 /* AppDelegate.swift in Sources */,
				88C0F8992603E7650084A05E /* AuthorizationManager.swift in Sources */,
				88C0F8862603CA910084A05E /* MainCoordinator.swift in Sources */,
				88C0F88A2603CAF40084A05E /* FeedViewController.swift in Sources */,
				88C0F8B7260406980084A05E /* UIColor.swift in Sources */,
				88C0F8A62603E98C0084A05E /* ProfileViewController.swift in Sources */,
				88C0F8A12603E84B0084A05E /* Keychain+Key.swift in Sources */,
				D93BFEB3260363EF00BB93F1 /* SceneDelegate.swift in Sources */,
			);
			runOnlyForDeploymentPostprocessing = 0;
		};
/* End PBXSourcesBuildPhase section */

/* Begin PBXVariantGroup section */
		D93BFEBB260363F200BB93F1 /* LaunchScreen.storyboard */ = {
			isa = PBXVariantGroup;
			children = (
				D93BFEBC260363F200BB93F1 /* Base */,
			);
			name = LaunchScreen.storyboard;
			sourceTree = "<group>";
		};
/* End PBXVariantGroup section */

/* Begin XCBuildConfiguration section */
		D93BFEBF260363F200BB93F1 /* Debug */ = {
			isa = XCBuildConfiguration;
			buildSettings = {
				ALWAYS_SEARCH_USER_PATHS = NO;
				CLANG_ANALYZER_NONNULL = YES;
				CLANG_ANALYZER_NUMBER_OBJECT_CONVERSION = YES_AGGRESSIVE;
				CLANG_CXX_LANGUAGE_STANDARD = "gnu++14";
				CLANG_CXX_LIBRARY = "libc++";
				CLANG_ENABLE_MODULES = YES;
				CLANG_ENABLE_OBJC_ARC = YES;
				CLANG_ENABLE_OBJC_WEAK = YES;
				CLANG_WARN_BLOCK_CAPTURE_AUTORELEASING = YES;
				CLANG_WARN_BOOL_CONVERSION = YES;
				CLANG_WARN_COMMA = YES;
				CLANG_WARN_CONSTANT_CONVERSION = YES;
				CLANG_WARN_DEPRECATED_OBJC_IMPLEMENTATIONS = YES;
				CLANG_WARN_DIRECT_OBJC_ISA_USAGE = YES_ERROR;
				CLANG_WARN_DOCUMENTATION_COMMENTS = YES;
				CLANG_WARN_EMPTY_BODY = YES;
				CLANG_WARN_ENUM_CONVERSION = YES;
				CLANG_WARN_INFINITE_RECURSION = YES;
				CLANG_WARN_INT_CONVERSION = YES;
				CLANG_WARN_NON_LITERAL_NULL_CONVERSION = YES;
				CLANG_WARN_OBJC_IMPLICIT_RETAIN_SELF = YES;
				CLANG_WARN_OBJC_LITERAL_CONVERSION = YES;
				CLANG_WARN_OBJC_ROOT_CLASS = YES_ERROR;
				CLANG_WARN_QUOTED_INCLUDE_IN_FRAMEWORK_HEADER = YES;
				CLANG_WARN_RANGE_LOOP_ANALYSIS = YES;
				CLANG_WARN_STRICT_PROTOTYPES = YES;
				CLANG_WARN_SUSPICIOUS_MOVE = YES;
				CLANG_WARN_UNGUARDED_AVAILABILITY = YES_AGGRESSIVE;
				CLANG_WARN_UNREACHABLE_CODE = YES;
				CLANG_WARN__DUPLICATE_METHOD_MATCH = YES;
				COPY_PHASE_STRIP = NO;
				DEBUG_INFORMATION_FORMAT = dwarf;
				ENABLE_STRICT_OBJC_MSGSEND = YES;
				ENABLE_TESTABILITY = YES;
				GCC_C_LANGUAGE_STANDARD = gnu11;
				GCC_DYNAMIC_NO_PIC = NO;
				GCC_NO_COMMON_BLOCKS = YES;
				GCC_OPTIMIZATION_LEVEL = 0;
				GCC_PREPROCESSOR_DEFINITIONS = (
					"DEBUG=1",
					"$(inherited)",
				);
				GCC_WARN_64_TO_32_BIT_CONVERSION = YES;
				GCC_WARN_ABOUT_RETURN_TYPE = YES_ERROR;
				GCC_WARN_UNDECLARED_SELECTOR = YES;
				GCC_WARN_UNINITIALIZED_AUTOS = YES_AGGRESSIVE;
				GCC_WARN_UNUSED_FUNCTION = YES;
				GCC_WARN_UNUSED_VARIABLE = YES;
				IPHONEOS_DEPLOYMENT_TARGET = 14.4;
				MTL_ENABLE_DEBUG_INFO = INCLUDE_SOURCE;
				MTL_FAST_MATH = YES;
				ONLY_ACTIVE_ARCH = YES;
				SDKROOT = iphoneos;
				SWIFT_ACTIVE_COMPILATION_CONDITIONS = DEBUG;
				SWIFT_OPTIMIZATION_LEVEL = "-Onone";
			};
			name = Debug;
		};
		D93BFEC0260363F200BB93F1 /* Release */ = {
			isa = XCBuildConfiguration;
			buildSettings = {
				ALWAYS_SEARCH_USER_PATHS = NO;
				CLANG_ANALYZER_NONNULL = YES;
				CLANG_ANALYZER_NUMBER_OBJECT_CONVERSION = YES_AGGRESSIVE;
				CLANG_CXX_LANGUAGE_STANDARD = "gnu++14";
				CLANG_CXX_LIBRARY = "libc++";
				CLANG_ENABLE_MODULES = YES;
				CLANG_ENABLE_OBJC_ARC = YES;
				CLANG_ENABLE_OBJC_WEAK = YES;
				CLANG_WARN_BLOCK_CAPTURE_AUTORELEASING = YES;
				CLANG_WARN_BOOL_CONVERSION = YES;
				CLANG_WARN_COMMA = YES;
				CLANG_WARN_CONSTANT_CONVERSION = YES;
				CLANG_WARN_DEPRECATED_OBJC_IMPLEMENTATIONS = YES;
				CLANG_WARN_DIRECT_OBJC_ISA_USAGE = YES_ERROR;
				CLANG_WARN_DOCUMENTATION_COMMENTS = YES;
				CLANG_WARN_EMPTY_BODY = YES;
				CLANG_WARN_ENUM_CONVERSION = YES;
				CLANG_WARN_INFINITE_RECURSION = YES;
				CLANG_WARN_INT_CONVERSION = YES;
				CLANG_WARN_NON_LITERAL_NULL_CONVERSION = YES;
				CLANG_WARN_OBJC_IMPLICIT_RETAIN_SELF = YES;
				CLANG_WARN_OBJC_LITERAL_CONVERSION = YES;
				CLANG_WARN_OBJC_ROOT_CLASS = YES_ERROR;
				CLANG_WARN_QUOTED_INCLUDE_IN_FRAMEWORK_HEADER = YES;
				CLANG_WARN_RANGE_LOOP_ANALYSIS = YES;
				CLANG_WARN_STRICT_PROTOTYPES = YES;
				CLANG_WARN_SUSPICIOUS_MOVE = YES;
				CLANG_WARN_UNGUARDED_AVAILABILITY = YES_AGGRESSIVE;
				CLANG_WARN_UNREACHABLE_CODE = YES;
				CLANG_WARN__DUPLICATE_METHOD_MATCH = YES;
				COPY_PHASE_STRIP = NO;
				DEBUG_INFORMATION_FORMAT = "dwarf-with-dsym";
				ENABLE_NS_ASSERTIONS = NO;
				ENABLE_STRICT_OBJC_MSGSEND = YES;
				GCC_C_LANGUAGE_STANDARD = gnu11;
				GCC_NO_COMMON_BLOCKS = YES;
				GCC_WARN_64_TO_32_BIT_CONVERSION = YES;
				GCC_WARN_ABOUT_RETURN_TYPE = YES_ERROR;
				GCC_WARN_UNDECLARED_SELECTOR = YES;
				GCC_WARN_UNINITIALIZED_AUTOS = YES_AGGRESSIVE;
				GCC_WARN_UNUSED_FUNCTION = YES;
				GCC_WARN_UNUSED_VARIABLE = YES;
				IPHONEOS_DEPLOYMENT_TARGET = 14.4;
				MTL_ENABLE_DEBUG_INFO = NO;
				MTL_FAST_MATH = YES;
				SDKROOT = iphoneos;
				SWIFT_COMPILATION_MODE = wholemodule;
				SWIFT_OPTIMIZATION_LEVEL = "-O";
				VALIDATE_PRODUCT = YES;
			};
			name = Release;
		};
		D93BFEC2260363F200BB93F1 /* Debug */ = {
			isa = XCBuildConfiguration;
			buildSettings = {
				ASSETCATALOG_COMPILER_APPICON_NAME = AppIcon;
				ASSETCATALOG_COMPILER_GLOBAL_ACCENT_COLOR_NAME = AccentColor;
				CODE_SIGN_STYLE = Automatic;
				DEVELOPMENT_TEAM = 87N7QPTHS6;
				INFOPLIST_FILE = PMProject/Info.plist;
				LD_RUNPATH_SEARCH_PATHS = (
					"$(inherited)",
					"@executable_path/Frameworks",
				);
				PRODUCT_BUNDLE_IDENTIFIER = "com.beaxhem.PM-Totalizator";
				PRODUCT_NAME = "$(TARGET_NAME)";
				SWIFT_VERSION = 5.0;
				TARGETED_DEVICE_FAMILY = "1,2";
			};
			name = Debug;
		};
		D93BFEC3260363F200BB93F1 /* Release */ = {
			isa = XCBuildConfiguration;
			buildSettings = {
				ASSETCATALOG_COMPILER_APPICON_NAME = AppIcon;
				ASSETCATALOG_COMPILER_GLOBAL_ACCENT_COLOR_NAME = AccentColor;
				CODE_SIGN_STYLE = Automatic;
				DEVELOPMENT_TEAM = 87N7QPTHS6;
				INFOPLIST_FILE = PMProject/Info.plist;
				LD_RUNPATH_SEARCH_PATHS = (
					"$(inherited)",
					"@executable_path/Frameworks",
				);
				PRODUCT_BUNDLE_IDENTIFIER = "com.beaxhem.PM-Totalizator";
				PRODUCT_NAME = "$(TARGET_NAME)";
				SWIFT_VERSION = 5.0;
				TARGETED_DEVICE_FAMILY = "1,2";
			};
			name = Release;
		};
/* End XCBuildConfiguration section */

/* Begin XCConfigurationList section */
		D93BFEA8260363EF00BB93F1 /* Build configuration list for PBXProject "PMProject" */ = {
			isa = XCConfigurationList;
			buildConfigurations = (
				D93BFEBF260363F200BB93F1 /* Debug */,
				D93BFEC0260363F200BB93F1 /* Release */,
			);
			defaultConfigurationIsVisible = 0;
			defaultConfigurationName = Release;
		};
		D93BFEC1260363F200BB93F1 /* Build configuration list for PBXNativeTarget "PMProject" */ = {
			isa = XCConfigurationList;
			buildConfigurations = (
				D93BFEC2260363F200BB93F1 /* Debug */,
				D93BFEC3260363F200BB93F1 /* Release */,
			);
			defaultConfigurationIsVisible = 0;
			defaultConfigurationName = Release;
		};
/* End XCConfigurationList section */

/* Begin XCRemoteSwiftPackageReference section */
		88C0F89C2603E7BA0084A05E /* XCRemoteSwiftPackageReference "KeychainAccess" */ = {
			isa = XCRemoteSwiftPackageReference;
			repositoryURL = "https://github.com/kishikawakatsumi/KeychainAccess.git";
			requirement = {
				kind = exactVersion;
				version = 4.2.2;
			};
		};
		D93487F326049AEA005A8291 /* XCRemoteSwiftPackageReference "TotalizatorNetworkLayer" */ = {
			isa = XCRemoteSwiftPackageReference;
			repositoryURL = "https://github.com/alexKozachuk/TotalizatorNetworkLayer";
			requirement = {
				kind = upToNextMajorVersion;
				minimumVersion = 1.0.0;
			};
		};
/* End XCRemoteSwiftPackageReference section */

/* Begin XCSwiftPackageProductDependency section */
		88C0F89D2603E7BA0084A05E /* KeychainAccess */ = {
			isa = XCSwiftPackageProductDependency;
			package = 88C0F89C2603E7BA0084A05E /* XCRemoteSwiftPackageReference "KeychainAccess" */;
			productName = KeychainAccess;
		};
		D93487F426049AEA005A8291 /* TotalizatorNetworkLayer */ = {
			isa = XCSwiftPackageProductDependency;
			package = D93487F326049AEA005A8291 /* XCRemoteSwiftPackageReference "TotalizatorNetworkLayer" */;
			productName = TotalizatorNetworkLayer;
		};
/* End XCSwiftPackageProductDependency section */
	};
	rootObject = D93BFEA5260363EF00BB93F1 /* Project object */;
}
