// !$*UTF8*$!
{
	archiveVersion = 1;
	classes = {
	};
	objectVersion = 52;
	objects = {

/* Begin PBXBuildFile section */
		D93BFEB1260363EF00BB93F1 /* AppDelegate.swift in Sources */ = {isa = PBXBuildFile; fileRef = D93BFEB0260363EF00BB93F1 /* AppDelegate.swift */; };
		D93BFEB3260363EF00BB93F1 /* SceneDelegate.swift in Sources */ = {isa = PBXBuildFile; fileRef = D93BFEB2260363EF00BB93F1 /* SceneDelegate.swift */; };
		D93BFEB5260363EF00BB93F1 /* ViewController.swift in Sources */ = {isa = PBXBuildFile; fileRef = D93BFEB4260363EF00BB93F1 /* ViewController.swift */; };
		D93BFEB8260363EF00BB93F1 /* Main.storyboard in Resources */ = {isa = PBXBuildFile; fileRef = D93BFEB6260363EF00BB93F1 /* Main.storyboard */; };
		D93BFEBA260363F200BB93F1 /* Assets.xcassets in Resources */ = {isa = PBXBuildFile; fileRef = D93BFEB9260363F200BB93F1 /* Assets.xcassets */; };
		D93BFEBD260363F200BB93F1 /* LaunchScreen.storyboard in Resources */ = {isa = PBXBuildFile; fileRef = D93BFEBB260363F200BB93F1 /* LaunchScreen.storyboard */; };
		D93BFEC92603642200BB93F1 /* PMTotalizator in Frameworks */ = {isa = PBXBuildFile; productRef = D93BFEC82603642200BB93F1 /* PMTotalizator */; };
/* End PBXBuildFile section */

/* Begin PBXFileReference section */
		D93BFEAD260363EF00BB93F1 /* PMProject.app */ = {isa = PBXFileReference; explicitFileType = wrapper.application; includeInIndex = 0; path = PMProject.app; sourceTree = BUILT_PRODUCTS_DIR; };
		D93BFEB0260363EF00BB93F1 /* AppDelegate.swift */ = {isa = PBXFileReference; lastKnownFileType = sourcecode.swift; path = AppDelegate.swift; sourceTree = "<group>"; };
		D93BFEB2260363EF00BB93F1 /* SceneDelegate.swift */ = {isa = PBXFileReference; lastKnownFileType = sourcecode.swift; path = SceneDelegate.swift; sourceTree = "<group>"; };
		D93BFEB4260363EF00BB93F1 /* ViewController.swift */ = {isa = PBXFileReference; lastKnownFileType = sourcecode.swift; path = ViewController.swift; sourceTree = "<group>"; };
		D93BFEB7260363EF00BB93F1 /* Base */ = {isa = PBXFileReference; lastKnownFileType = file.storyboard; name = Base; path = Base.lproj/Main.storyboard; sourceTree = "<group>"; };
		D93BFEB9260363F200BB93F1 /* Assets.xcassets */ = {isa = PBXFileReference; lastKnownFileType = folder.assetcatalog; path = Assets.xcassets; sourceTree = "<group>"; };
		D93BFEBC260363F200BB93F1 /* Base */ = {isa = PBXFileReference; lastKnownFileType = file.storyboard; name = Base; path = Base.lproj/LaunchScreen.storyboard; sourceTree = "<group>"; };
		D93BFEBE260363F200BB93F1 /* Info.plist */ = {isa = PBXFileReference; lastKnownFileType = text.plist.xml; path = Info.plist; sourceTree = "<group>"; };
		D93BFEC52603640900BB93F1 /* PMTotalizator */ = {isa = PBXFileReference; lastKnownFileType = folder; name = PMTotalizator; path = ../PMTotalizator; sourceTree = "<group>"; };
/* End PBXFileReference section */

/* Begin PBXFrameworksBuildPhase section */
		D93BFEAA260363EF00BB93F1 /* Frameworks */ = {
			isa = PBXFrameworksBuildPhase;
			buildActionMask = 2147483647;
			files = (
				D93BFEC92603642200BB93F1 /* PMTotalizator in Frameworks */,
			);
			runOnlyForDeploymentPostprocessing = 0;
		};
/* End PBXFrameworksBuildPhase section */

/* Begin PBXGroup section */
		D93BFEA4260363EF00BB93F1 = {
			isa = PBXGroup;
			children = (
				D93BFEC52603640900BB93F1 /* PMTotalizator */,
				D93BFEAF260363EF00BB93F1 /* PMProject */,
				D93BFEAE260363EF00BB93F1 /* Products */,
				D93BFEC72603642200BB93F1 /* Frameworks */,
			);
			sourceTree = "<group>";
		};
		D93BFEAE260363EF00BB93F1 /* Products */ = {
			isa = PBXGroup;
			children = (
				D93BFEAD260363EF00BB93F1 /* PMProject.app */,
			);
			name = Products;
			sourceTree = "<group>";
		};
		D93BFEAF260363EF00BB93F1 /* PMProject */ = {
			isa = PBXGroup;
			children = (
				D93BFEB0260363EF00BB93F1 /* AppDelegate.swift */,
				D93BFEB2260363EF00BB93F1 /* SceneDelegate.swift */,
				D93BFEB4260363EF00BB93F1 /* ViewController.swift */,
				D93BFEB6260363EF00BB93F1 /* Main.storyboard */,
				D93BFEB9260363F200BB93F1 /* Assets.xcassets */,
				D93BFEBB260363F200BB93F1 /* LaunchScreen.storyboard */,
				D93BFEBE260363F200BB93F1 /* Info.plist */,
			);
			path = PMProject;
			sourceTree = "<group>";
		};
		D93BFEC72603642200BB93F1 /* Frameworks */ = {
			isa = PBXGroup;
			children = (
			);
			name = Frameworks;
			sourceTree = "<group>";
		};
/* End PBXGroup section */

/* Begin PBXNativeTarget section */
		D93BFEAC260363EF00BB93F1 /* PMProject */ = {
			isa = PBXNativeTarget;
			buildConfigurationList = D93BFEC1260363F200BB93F1 /* Build configuration list for PBXNativeTarget "PMProject" */;
			buildPhases = (
				D93BFEA9260363EF00BB93F1 /* Sources */,
				D93BFEAA260363EF00BB93F1 /* Frameworks */,
				D93BFEAB260363EF00BB93F1 /* Resources */,
			);
			buildRules = (
			);
			dependencies = (
			);
			name = PMProject;
			packageProductDependencies = (
				D93BFEC82603642200BB93F1 /* PMTotalizator */,
			);
			productName = PMProject;
			productReference = D93BFEAD260363EF00BB93F1 /* PMProject.app */;
			productType = "com.apple.product-type.application";
		};
/* End PBXNativeTarget section */

/* Begin PBXProject section */
		D93BFEA5260363EF00BB93F1 /* Project object */ = {
			isa = PBXProject;
			attributes = {
				LastSwiftUpdateCheck = 1240;
				LastUpgradeCheck = 1240;
				TargetAttributes = {
					D93BFEAC260363EF00BB93F1 = {
						CreatedOnToolsVersion = 12.4;
					};
				};
			};
			buildConfigurationList = D93BFEA8260363EF00BB93F1 /* Build configuration list for PBXProject "PMProject" */;
			compatibilityVersion = "Xcode 9.3";
			developmentRegion = en;
			hasScannedForEncodings = 0;
			knownRegions = (
				en,
				Base,
			);
			mainGroup = D93BFEA4260363EF00BB93F1;
			productRefGroup = D93BFEAE260363EF00BB93F1 /* Products */;
			projectDirPath = "";
			projectRoot = "";
			targets = (
				D93BFEAC260363EF00BB93F1 /* PMProject */,
			);
		};
/* End PBXProject section */

/* Begin PBXResourcesBuildPhase section */
		D93BFEAB260363EF00BB93F1 /* Resources */ = {
			isa = PBXResourcesBuildPhase;
			buildActionMask = 2147483647;
			files = (
				D93BFEBD260363F200BB93F1 /* LaunchScreen.storyboard in Resources */,
				D93BFEBA260363F200BB93F1 /* Assets.xcassets in Resources */,
				D93BFEB8260363EF00BB93F1 /* Main.storyboard in Resources */,
			);
			runOnlyForDeploymentPostprocessing = 0;
		};
/* End PBXResourcesBuildPhase section */

/* Begin PBXSourcesBuildPhase section */
		D93BFEA9260363EF00BB93F1 /* Sources */ = {
			isa = PBXSourcesBuildPhase;
			buildActionMask = 2147483647;
			files = (
				D93BFEB5260363EF00BB93F1 /* ViewController.swift in Sources */,
				D93BFEB1260363EF00BB93F1 /* AppDelegate.swift in Sources */,
				D93BFEB3260363EF00BB93F1 /* SceneDelegate.swift in Sources */,
			);
			runOnlyForDeploymentPostprocessing = 0;
		};
/* End PBXSourcesBuildPhase section */

/* Begin PBXVariantGroup section */
		D93BFEB6260363EF00BB93F1 /* Main.storyboard */ = {
			isa = PBXVariantGroup;
			children = (
				D93BFEB7260363EF00BB93F1 /* Base */,
			);
			name = Main.storyboard;
			sourceTree = "<group>";
		};
		D93BFEBB260363F200BB93F1 /* LaunchScreen.storyboard */ = {
			isa = PBXVariantGroup;
			children = (
				D93BFEBC260363F200BB93F1 /* Base */,
			);
			name = LaunchScreen.storyboard;
			sourceTree = "<group>";
		};
/* End PBXVariantGroup section */

/* Begin XCBuildConfiguration section */
		D93BFEBF260363F200BB93F1 /* Debug */ = {
			isa = XCBuildConfiguration;
			buildSettings = {
				ALWAYS_SEARCH_USER_PATHS = NO;
				CLANG_ANALYZER_NONNULL = YES;
				CLANG_ANALYZER_NUMBER_OBJECT_CONVERSION = YES_AGGRESSIVE;
				CLANG_CXX_LANGUAGE_STANDARD = "gnu++14";
				CLANG_CXX_LIBRARY = "libc++";
				CLANG_ENABLE_MODULES = YES;
				CLANG_ENABLE_OBJC_ARC = YES;
				CLANG_ENABLE_OBJC_WEAK = YES;
				CLANG_WARN_BLOCK_CAPTURE_AUTORELEASING = YES;
				CLANG_WARN_BOOL_CONVERSION = YES;
				CLANG_WARN_COMMA = YES;
				CLANG_WARN_CONSTANT_CONVERSION = YES;
				CLANG_WARN_DEPRECATED_OBJC_IMPLEMENTATIONS = YES;
				CLANG_WARN_DIRECT_OBJC_ISA_USAGE = YES_ERROR;
				CLANG_WARN_DOCUMENTATION_COMMENTS = YES;
				CLANG_WARN_EMPTY_BODY = YES;
				CLANG_WARN_ENUM_CONVERSION = YES;
				CLANG_WARN_INFINITE_RECURSION = YES;
				CLANG_WARN_INT_CONVERSION = YES;
				CLANG_WARN_NON_LITERAL_NULL_CONVERSION = YES;
				CLANG_WARN_OBJC_IMPLICIT_RETAIN_SELF = YES;
				CLANG_WARN_OBJC_LITERAL_CONVERSION = YES;
				CLANG_WARN_OBJC_ROOT_CLASS = YES_ERROR;
				CLANG_WARN_QUOTED_INCLUDE_IN_FRAMEWORK_HEADER = YES;
				CLANG_WARN_RANGE_LOOP_ANALYSIS = YES;
				CLANG_WARN_STRICT_PROTOTYPES = YES;
				CLANG_WARN_SUSPICIOUS_MOVE = YES;
				CLANG_WARN_UNGUARDED_AVAILABILITY = YES_AGGRESSIVE;
				CLANG_WARN_UNREACHABLE_CODE = YES;
				CLANG_WARN__DUPLICATE_METHOD_MATCH = YES;
				COPY_PHASE_STRIP = NO;
				DEBUG_INFORMATION_FORMAT = dwarf;
				ENABLE_STRICT_OBJC_MSGSEND = YES;
				ENABLE_TESTABILITY = YES;
				GCC_C_LANGUAGE_STANDARD = gnu11;
				GCC_DYNAMIC_NO_PIC = NO;
				GCC_NO_COMMON_BLOCKS = YES;
				GCC_OPTIMIZATION_LEVEL = 0;
				GCC_PREPROCESSOR_DEFINITIONS = (
					"DEBUG=1",
					"$(inherited)",
				);
				GCC_WARN_64_TO_32_BIT_CONVERSION = YES;
				GCC_WARN_ABOUT_RETURN_TYPE = YES_ERROR;
				GCC_WARN_UNDECLARED_SELECTOR = YES;
				GCC_WARN_UNINITIALIZED_AUTOS = YES_AGGRESSIVE;
				GCC_WARN_UNUSED_FUNCTION = YES;
				GCC_WARN_UNUSED_VARIABLE = YES;
				IPHONEOS_DEPLOYMENT_TARGET = 14.4;
				MTL_ENABLE_DEBUG_INFO = INCLUDE_SOURCE;
				MTL_FAST_MATH = YES;
				ONLY_ACTIVE_ARCH = YES;
				SDKROOT = iphoneos;
				SWIFT_ACTIVE_COMPILATION_CONDITIONS = DEBUG;
				SWIFT_OPTIMIZATION_LEVEL = "-Onone";
			};
			name = Debug;
		};
		D93BFEC0260363F200BB93F1 /* Release */ = {
			isa = XCBuildConfiguration;
			buildSettings = {
				ALWAYS_SEARCH_USER_PATHS = NO;
				CLANG_ANALYZER_NONNULL = YES;
				CLANG_ANALYZER_NUMBER_OBJECT_CONVERSION = YES_AGGRESSIVE;
				CLANG_CXX_LANGUAGE_STANDARD = "gnu++14";
				CLANG_CXX_LIBRARY = "libc++";
				CLANG_ENABLE_MODULES = YES;
				CLANG_ENABLE_OBJC_ARC = YES;
				CLANG_ENABLE_OBJC_WEAK = YES;
				CLANG_WARN_BLOCK_CAPTURE_AUTORELEASING = YES;
				CLANG_WARN_BOOL_CONVERSION = YES;
				CLANG_WARN_COMMA = YES;
				CLANG_WARN_CONSTANT_CONVERSION = YES;
				CLANG_WARN_DEPRECATED_OBJC_IMPLEMENTATIONS = YES;
				CLANG_WARN_DIRECT_OBJC_ISA_USAGE = YES_ERROR;
				CLANG_WARN_DOCUMENTATION_COMMENTS = YES;
				CLANG_WARN_EMPTY_BODY = YES;
				CLANG_WARN_ENUM_CONVERSION = YES;
				CLANG_WARN_INFINITE_RECURSION = YES;
				CLANG_WARN_INT_CONVERSION = YES;
				CLANG_WARN_NON_LITERAL_NULL_CONVERSION = YES;
				CLANG_WARN_OBJC_IMPLICIT_RETAIN_SELF = YES;
				CLANG_WARN_OBJC_LITERAL_CONVERSION = YES;
				CLANG_WARN_OBJC_ROOT_CLASS = YES_ERROR;
				CLANG_WARN_QUOTED_INCLUDE_IN_FRAMEWORK_HEADER = YES;
				CLANG_WARN_RANGE_LOOP_ANALYSIS = YES;
				CLANG_WARN_STRICT_PROTOTYPES = YES;
				CLANG_WARN_SUSPICIOUS_MOVE = YES;
				CLANG_WARN_UNGUARDED_AVAILABILITY = YES_AGGRESSIVE;
				CLANG_WARN_UNREACHABLE_CODE = YES;
				CLANG_WARN__DUPLICATE_METHOD_MATCH = YES;
				COPY_PHASE_STRIP = NO;
				DEBUG_INFORMATION_FORMAT = "dwarf-with-dsym";
				ENABLE_NS_ASSERTIONS = NO;
				ENABLE_STRICT_OBJC_MSGSEND = YES;
				GCC_C_LANGUAGE_STANDARD = gnu11;
				GCC_NO_COMMON_BLOCKS = YES;
				GCC_WARN_64_TO_32_BIT_CONVERSION = YES;
				GCC_WARN_ABOUT_RETURN_TYPE = YES_ERROR;
				GCC_WARN_UNDECLARED_SELECTOR = YES;
				GCC_WARN_UNINITIALIZED_AUTOS = YES_AGGRESSIVE;
				GCC_WARN_UNUSED_FUNCTION = YES;
				GCC_WARN_UNUSED_VARIABLE = YES;
				IPHONEOS_DEPLOYMENT_TARGET = 14.4;
				MTL_ENABLE_DEBUG_INFO = NO;
				MTL_FAST_MATH = YES;
				SDKROOT = iphoneos;
				SWIFT_COMPILATION_MODE = wholemodule;
				SWIFT_OPTIMIZATION_LEVEL = "-O";
				VALIDATE_PRODUCT = YES;
			};
			name = Release;
		};
		D93BFEC2260363F200BB93F1 /* Debug */ = {
			isa = XCBuildConfiguration;
			buildSettings = {
				ASSETCATALOG_COMPILER_APPICON_NAME = AppIcon;
				ASSETCATALOG_COMPILER_GLOBAL_ACCENT_COLOR_NAME = AccentColor;
				CODE_SIGN_STYLE = Automatic;
				DEVELOPMENT_TEAM = B4LAA475FW;
				INFOPLIST_FILE = PMProject/Info.plist;
				LD_RUNPATH_SEARCH_PATHS = (
					"$(inherited)",
					"@executable_path/Frameworks",
				);
				PRODUCT_BUNDLE_IDENTIFIER = oleksandr.kozachuk.PMProject;
				PRODUCT_NAME = "$(TARGET_NAME)";
				SWIFT_VERSION = 5.0;
				TARGETED_DEVICE_FAMILY = "1,2";
			};
			name = Debug;
		};
		D93BFEC3260363F200BB93F1 /* Release */ = {
			isa = XCBuildConfiguration;
			buildSettings = {
				ASSETCATALOG_COMPILER_APPICON_NAME = AppIcon;
				ASSETCATALOG_COMPILER_GLOBAL_ACCENT_COLOR_NAME = AccentColor;
				CODE_SIGN_STYLE = Automatic;
				DEVELOPMENT_TEAM = B4LAA475FW;
				INFOPLIST_FILE = PMProject/Info.plist;
				LD_RUNPATH_SEARCH_PATHS = (
					"$(inherited)",
					"@executable_path/Frameworks",
				);
				PRODUCT_BUNDLE_IDENTIFIER = oleksandr.kozachuk.PMProject;
				PRODUCT_NAME = "$(TARGET_NAME)";
				SWIFT_VERSION = 5.0;
				TARGETED_DEVICE_FAMILY = "1,2";
			};
			name = Release;
		};
/* End XCBuildConfiguration section */

/* Begin XCConfigurationList section */
		D93BFEA8260363EF00BB93F1 /* Build configuration list for PBXProject "PMProject" */ = {
			isa = XCConfigurationList;
			buildConfigurations = (
				D93BFEBF260363F200BB93F1 /* Debug */,
				D93BFEC0260363F200BB93F1 /* Release */,
			);
			defaultConfigurationIsVisible = 0;
			defaultConfigurationName = Release;
		};
		D93BFEC1260363F200BB93F1 /* Build configuration list for PBXNativeTarget "PMProject" */ = {
			isa = XCConfigurationList;
			buildConfigurations = (
				D93BFEC2260363F200BB93F1 /* Debug */,
				D93BFEC3260363F200BB93F1 /* Release */,
			);
			defaultConfigurationIsVisible = 0;
			defaultConfigurationName = Release;
		};
/* End XCConfigurationList section */

/* Begin XCSwiftPackageProductDependency section */
		D93BFEC82603642200BB93F1 /* PMTotalizator */ = {
			isa = XCSwiftPackageProductDependency;
			productName = PMTotalizator;
		};
/* End XCSwiftPackageProductDependency section */
	};
	rootObject = D93BFEA5260363EF00BB93F1 /* Project object */;
}
