// !$*UTF8*$!
{
	archiveVersion = 1;
	classes = {
	};
	objectVersion = 52;
	objects = {

/* Begin PBXBuildFile section */
		88A5F3732608A29D00378E4F /* GradientView.swift in Sources */ = {isa = PBXBuildFile; fileRef = 88A5F3722608A29D00378E4F /* GradientView.swift */; };
		88A5F3762608AC6C00378E4F /* UIButton.swift in Sources */ = {isa = PBXBuildFile; fileRef = 88A5F3752608AC6C00378E4F /* UIButton.swift */; };
		88BB4CE926072014008B5A5E /* UIView.swift in Sources */ = {isa = PBXBuildFile; fileRef = 88BB4CE826072014008B5A5E /* UIView.swift */; };
		88BB4CF326072026008B5A5E /* BetModalViewController.swift in Sources */ = {isa = PBXBuildFile; fileRef = 88BB4CEC26072026008B5A5E /* BetModalViewController.swift */; };
		88BB4CF426072026008B5A5E /* BetModalViewController.xib in Resources */ = {isa = PBXBuildFile; fileRef = 88BB4CED26072026008B5A5E /* BetModalViewController.xib */; };
		88BB4CF526072026008B5A5E /* PresentationController.swift in Sources */ = {isa = PBXBuildFile; fileRef = 88BB4CEF26072026008B5A5E /* PresentationController.swift */; };
		88BB4CF626072026008B5A5E /* PresentAnimation.swift in Sources */ = {isa = PBXBuildFile; fileRef = 88BB4CF026072026008B5A5E /* PresentAnimation.swift */; };
		88BB4CF726072026008B5A5E /* DismissAnimation.swift in Sources */ = {isa = PBXBuildFile; fileRef = 88BB4CF126072026008B5A5E /* DismissAnimation.swift */; };
		88BB4CF826072026008B5A5E /* ModalTransition.swift in Sources */ = {isa = PBXBuildFile; fileRef = 88BB4CF226072026008B5A5E /* ModalTransition.swift */; };
		88C0F8762603A93C0084A05E /* RobotoCondensed-Bold.ttf in Resources */ = {isa = PBXBuildFile; fileRef = 88C0F8732603A9340084A05E /* RobotoCondensed-Bold.ttf */; };
		88C0F8772603A93C0084A05E /* RobotoCondensed-Regular.ttf in Resources */ = {isa = PBXBuildFile; fileRef = 88C0F8742603A9340084A05E /* RobotoCondensed-Regular.ttf */; };
		88C0F8822603CA750084A05E /* Coordinator.swift in Sources */ = {isa = PBXBuildFile; fileRef = 88C0F8812603CA750084A05E /* Coordinator.swift */; };
		88C0F8862603CA910084A05E /* MainCoordinator.swift in Sources */ = {isa = PBXBuildFile; fileRef = 88C0F8852603CA910084A05E /* MainCoordinator.swift */; };
		88C0F88A2603CAF40084A05E /* FeedViewController.swift in Sources */ = {isa = PBXBuildFile; fileRef = 88C0F8892603CAF40084A05E /* FeedViewController.swift */; };
		88C0F88E2603CB700084A05E /* FeedViewController.xib in Resources */ = {isa = PBXBuildFile; fileRef = 88C0F88D2603CB700084A05E /* FeedViewController.xib */; };
		88C0F8992603E7650084A05E /* AuthorizationManager.swift in Sources */ = {isa = PBXBuildFile; fileRef = 88C0F8982603E7650084A05E /* AuthorizationManager.swift */; };
		88C0F89E2603E7BA0084A05E /* KeychainAccess in Frameworks */ = {isa = PBXBuildFile; productRef = 88C0F89D2603E7BA0084A05E /* KeychainAccess */; };
		88C0F8A12603E84B0084A05E /* Keychain+Key.swift in Sources */ = {isa = PBXBuildFile; fileRef = 88C0F8A02603E84B0084A05E /* Keychain+Key.swift */; };
		88C0F8A62603E98C0084A05E /* ProfileViewController.swift in Sources */ = {isa = PBXBuildFile; fileRef = 88C0F8A52603E98C0084A05E /* ProfileViewController.swift */; };
		88C0F8A92603E9910084A05E /* ProfileViewController.xib in Resources */ = {isa = PBXBuildFile; fileRef = 88C0F8A82603E9910084A05E /* ProfileViewController.xib */; };
		88C0F8AE2603E9CE0084A05E /* LoginViewController.xib in Resources */ = {isa = PBXBuildFile; fileRef = 88C0F8AD2603E9CE0084A05E /* LoginViewController.xib */; };
		88C0F8B12603E9D20084A05E /* LoginViewController.swift in Sources */ = {isa = PBXBuildFile; fileRef = 88C0F8B02603E9D20084A05E /* LoginViewController.swift */; };
		88C0F8B7260406980084A05E /* UIColor.swift in Sources */ = {isa = PBXBuildFile; fileRef = 88C0F8B6260406980084A05E /* UIColor.swift */; };
		88C0F8BF2604A0210084A05E /* RegisterViewController.swift in Sources */ = {isa = PBXBuildFile; fileRef = 88C0F8BE2604A0210084A05E /* RegisterViewController.swift */; };
		88C0F8C22604A0270084A05E /* RegisterViewController.xib in Resources */ = {isa = PBXBuildFile; fileRef = 88C0F8C12604A0270084A05E /* RegisterViewController.xib */; };
		88C0F8CA2604AB2F0084A05E /* UIResponder.swift in Sources */ = {isa = PBXBuildFile; fileRef = 88C0F8C92604AB2F0084A05E /* UIResponder.swift */; };
		88C0F8CD2604AB8B0084A05E /* EventCollectionViewCell.swift in Sources */ = {isa = PBXBuildFile; fileRef = 88C0F8CC2604AB8B0084A05E /* EventCollectionViewCell.swift */; };
		88C0F8D42604ABBB0084A05E /* EventCollectionViewCell.xib in Resources */ = {isa = PBXBuildFile; fileRef = 88C0F8D32604ABBB0084A05E /* EventCollectionViewCell.xib */; };
		88C0F8D82604B1730084A05E /* EventsCollectionViewDataSource.swift in Sources */ = {isa = PBXBuildFile; fileRef = 88C0F8D72604B1730084A05E /* EventsCollectionViewDataSource.swift */; };
		950739F6703AC9FB8C292C0B /* Pods_PMProject.framework in Frameworks */ = {isa = PBXBuildFile; fileRef = BD557A38EF98E1ADDB86D161 /* Pods_PMProject.framework */; };
		D90BF22C26061CC900B4B38A /* Event.swift in Sources */ = {isa = PBXBuildFile; fileRef = D90BF22B26061CC900B4B38A /* Event.swift */; };
		D90BF22F260620AA00B4B38A /* Team.swift in Sources */ = {isa = PBXBuildFile; fileRef = D90BF22E260620AA00B4B38A /* Team.swift */; };
		D90BF232260620BC00B4B38A /* BetSum.swift in Sources */ = {isa = PBXBuildFile; fileRef = D90BF231260620BB00B4B38A /* BetSum.swift */; };
		D90BF23D26064C5E00B4B38A /* ImageLoader.swift in Sources */ = {isa = PBXBuildFile; fileRef = D90BF23C26064C5E00B4B38A /* ImageLoader.swift */; };
		D93487F526049AEA005A8291 /* TotalizatorNetworkLayer in Frameworks */ = {isa = PBXBuildFile; productRef = D93487F426049AEA005A8291 /* TotalizatorNetworkLayer */; };
		D934882C2604B734005A8291 /* CustomProgressView.swift in Sources */ = {isa = PBXBuildFile; fileRef = D934882B2604B734005A8291 /* CustomProgressView.swift */; };
		D93488342604C248005A8291 /* DetailFeedViewController.swift in Sources */ = {isa = PBXBuildFile; fileRef = D93488322604C248005A8291 /* DetailFeedViewController.swift */; };
		D93488352604C248005A8291 /* DetailFeedViewController.xib in Resources */ = {isa = PBXBuildFile; fileRef = D93488332604C248005A8291 /* DetailFeedViewController.xib */; };
		D934883A2604C338005A8291 /* DetailInfoCollectionViewCell.swift in Sources */ = {isa = PBXBuildFile; fileRef = D93488382604C338005A8291 /* DetailInfoCollectionViewCell.swift */; };
		D934883B2604C338005A8291 /* DetailInfoCollectionViewCell.xib in Resources */ = {isa = PBXBuildFile; fileRef = D93488392604C338005A8291 /* DetailInfoCollectionViewCell.xib */; };
		D934884F2604D436005A8291 /* UICollectionView+Extension.swift in Sources */ = {isa = PBXBuildFile; fileRef = D934884E2604D436005A8291 /* UICollectionView+Extension.swift */; };
		D93488572604D62F005A8291 /* DetailFeedCollectionViewDataSource.swift in Sources */ = {isa = PBXBuildFile; fileRef = D93488512604D593005A8291 /* DetailFeedCollectionViewDataSource.swift */; };
		D93488612604FB2E005A8291 /* DetailFeedCollectionReusableView.swift in Sources */ = {isa = PBXBuildFile; fileRef = D934885F2604FB2E005A8291 /* DetailFeedCollectionReusableView.swift */; };
		D93488622604FB2E005A8291 /* DetailFeedCollectionReusableView.xib in Resources */ = {isa = PBXBuildFile; fileRef = D93488602604FB2E005A8291 /* DetailFeedCollectionReusableView.xib */; };
		D93BFEB1260363EF00BB93F1 /* AppDelegate.swift in Sources */ = {isa = PBXBuildFile; fileRef = D93BFEB0260363EF00BB93F1 /* AppDelegate.swift */; };
		D93BFEB3260363EF00BB93F1 /* SceneDelegate.swift in Sources */ = {isa = PBXBuildFile; fileRef = D93BFEB2260363EF00BB93F1 /* SceneDelegate.swift */; };
		D93BFEBA260363F200BB93F1 /* Assets.xcassets in Resources */ = {isa = PBXBuildFile; fileRef = D93BFEB9260363F200BB93F1 /* Assets.xcassets */; };
		D93BFEBD260363F200BB93F1 /* LaunchScreen.storyboard in Resources */ = {isa = PBXBuildFile; fileRef = D93BFEBB260363F200BB93F1 /* LaunchScreen.storyboard */; };
		D985739E2605EFAB00C9E987 /* GoogleService-Info.plist in Resources */ = {isa = PBXBuildFile; fileRef = D985739D2605EFAB00C9E987 /* GoogleService-Info.plist */; };
		D9D5A29F26073107007B22DA /* CharacteristicsPair.swift in Sources */ = {isa = PBXBuildFile; fileRef = D9D5A29E26073107007B22DA /* CharacteristicsPair.swift */; };
/* End PBXBuildFile section */

/* Begin PBXFileReference section */
		0EA111BEC0DBD6D90258103B /* Pods-PMProject.release.xcconfig */ = {isa = PBXFileReference; includeInIndex = 1; lastKnownFileType = text.xcconfig; name = "Pods-PMProject.release.xcconfig"; path = "Target Support Files/Pods-PMProject/Pods-PMProject.release.xcconfig"; sourceTree = "<group>"; };
		88A5F3722608A29D00378E4F /* GradientView.swift */ = {isa = PBXFileReference; lastKnownFileType = sourcecode.swift; path = GradientView.swift; sourceTree = "<group>"; };
		88A5F3752608AC6C00378E4F /* UIButton.swift */ = {isa = PBXFileReference; lastKnownFileType = sourcecode.swift; path = UIButton.swift; sourceTree = "<group>"; };
		88BB4CE826072014008B5A5E /* UIView.swift */ = {isa = PBXFileReference; fileEncoding = 4; lastKnownFileType = sourcecode.swift; path = UIView.swift; sourceTree = "<group>"; };
		88BB4CEC26072026008B5A5E /* BetModalViewController.swift */ = {isa = PBXFileReference; fileEncoding = 4; lastKnownFileType = sourcecode.swift; path = BetModalViewController.swift; sourceTree = "<group>"; };
		88BB4CED26072026008B5A5E /* BetModalViewController.xib */ = {isa = PBXFileReference; fileEncoding = 4; lastKnownFileType = file.xib; path = BetModalViewController.xib; sourceTree = "<group>"; };
		88BB4CEF26072026008B5A5E /* PresentationController.swift */ = {isa = PBXFileReference; fileEncoding = 4; lastKnownFileType = sourcecode.swift; path = PresentationController.swift; sourceTree = "<group>"; };
		88BB4CF026072026008B5A5E /* PresentAnimation.swift */ = {isa = PBXFileReference; fileEncoding = 4; lastKnownFileType = sourcecode.swift; path = PresentAnimation.swift; sourceTree = "<group>"; };
		88BB4CF126072026008B5A5E /* DismissAnimation.swift */ = {isa = PBXFileReference; fileEncoding = 4; lastKnownFileType = sourcecode.swift; path = DismissAnimation.swift; sourceTree = "<group>"; };
		88BB4CF226072026008B5A5E /* ModalTransition.swift */ = {isa = PBXFileReference; fileEncoding = 4; lastKnownFileType = sourcecode.swift; path = ModalTransition.swift; sourceTree = "<group>"; };
		88C0F8732603A9340084A05E /* RobotoCondensed-Bold.ttf */ = {isa = PBXFileReference; lastKnownFileType = file; path = "RobotoCondensed-Bold.ttf"; sourceTree = "<group>"; };
		88C0F8742603A9340084A05E /* RobotoCondensed-Regular.ttf */ = {isa = PBXFileReference; lastKnownFileType = file; path = "RobotoCondensed-Regular.ttf"; sourceTree = "<group>"; };
		88C0F8812603CA750084A05E /* Coordinator.swift */ = {isa = PBXFileReference; lastKnownFileType = sourcecode.swift; path = Coordinator.swift; sourceTree = "<group>"; };
		88C0F8852603CA910084A05E /* MainCoordinator.swift */ = {isa = PBXFileReference; lastKnownFileType = sourcecode.swift; path = MainCoordinator.swift; sourceTree = "<group>"; };
		88C0F8892603CAF40084A05E /* FeedViewController.swift */ = {isa = PBXFileReference; lastKnownFileType = sourcecode.swift; path = FeedViewController.swift; sourceTree = "<group>"; };
		88C0F88D2603CB700084A05E /* FeedViewController.xib */ = {isa = PBXFileReference; lastKnownFileType = file.xib; path = FeedViewController.xib; sourceTree = "<group>"; };
		88C0F8982603E7650084A05E /* AuthorizationManager.swift */ = {isa = PBXFileReference; lastKnownFileType = sourcecode.swift; path = AuthorizationManager.swift; sourceTree = "<group>"; };
		88C0F8A02603E84B0084A05E /* Keychain+Key.swift */ = {isa = PBXFileReference; lastKnownFileType = sourcecode.swift; path = "Keychain+Key.swift"; sourceTree = "<group>"; };
		88C0F8A52603E98C0084A05E /* ProfileViewController.swift */ = {isa = PBXFileReference; lastKnownFileType = sourcecode.swift; path = ProfileViewController.swift; sourceTree = "<group>"; };
		88C0F8A82603E9910084A05E /* ProfileViewController.xib */ = {isa = PBXFileReference; lastKnownFileType = file.xib; path = ProfileViewController.xib; sourceTree = "<group>"; };
		88C0F8AD2603E9CE0084A05E /* LoginViewController.xib */ = {isa = PBXFileReference; lastKnownFileType = file.xib; path = LoginViewController.xib; sourceTree = "<group>"; };
		88C0F8B02603E9D20084A05E /* LoginViewController.swift */ = {isa = PBXFileReference; lastKnownFileType = sourcecode.swift; path = LoginViewController.swift; sourceTree = "<group>"; };
		88C0F8B6260406980084A05E /* UIColor.swift */ = {isa = PBXFileReference; lastKnownFileType = sourcecode.swift; path = UIColor.swift; sourceTree = "<group>"; };
		88C0F8BE2604A0210084A05E /* RegisterViewController.swift */ = {isa = PBXFileReference; lastKnownFileType = sourcecode.swift; path = RegisterViewController.swift; sourceTree = "<group>"; };
		88C0F8C12604A0270084A05E /* RegisterViewController.xib */ = {isa = PBXFileReference; lastKnownFileType = file.xib; path = RegisterViewController.xib; sourceTree = "<group>"; };
		88C0F8C92604AB2F0084A05E /* UIResponder.swift */ = {isa = PBXFileReference; lastKnownFileType = sourcecode.swift; path = UIResponder.swift; sourceTree = "<group>"; };
		88C0F8CC2604AB8B0084A05E /* EventCollectionViewCell.swift */ = {isa = PBXFileReference; lastKnownFileType = sourcecode.swift; path = EventCollectionViewCell.swift; sourceTree = "<group>"; };
		88C0F8D32604ABBB0084A05E /* EventCollectionViewCell.xib */ = {isa = PBXFileReference; lastKnownFileType = file.xib; path = EventCollectionViewCell.xib; sourceTree = "<group>"; };
		88C0F8D72604B1730084A05E /* EventsCollectionViewDataSource.swift */ = {isa = PBXFileReference; lastKnownFileType = sourcecode.swift; path = EventsCollectionViewDataSource.swift; sourceTree = "<group>"; };
		A9334F42FA409F1B3806A85B /* Pods-PMProject.debug.xcconfig */ = {isa = PBXFileReference; includeInIndex = 1; lastKnownFileType = text.xcconfig; name = "Pods-PMProject.debug.xcconfig"; path = "Target Support Files/Pods-PMProject/Pods-PMProject.debug.xcconfig"; sourceTree = "<group>"; };
		BD557A38EF98E1ADDB86D161 /* Pods_PMProject.framework */ = {isa = PBXFileReference; explicitFileType = wrapper.framework; includeInIndex = 0; path = Pods_PMProject.framework; sourceTree = BUILT_PRODUCTS_DIR; };
		D90BF22B26061CC900B4B38A /* Event.swift */ = {isa = PBXFileReference; lastKnownFileType = sourcecode.swift; path = Event.swift; sourceTree = "<group>"; };
		D90BF22E260620AA00B4B38A /* Team.swift */ = {isa = PBXFileReference; lastKnownFileType = sourcecode.swift; path = Team.swift; sourceTree = "<group>"; };
		D90BF231260620BB00B4B38A /* BetSum.swift */ = {isa = PBXFileReference; lastKnownFileType = sourcecode.swift; path = BetSum.swift; sourceTree = "<group>"; };
		D90BF23C26064C5E00B4B38A /* ImageLoader.swift */ = {isa = PBXFileReference; lastKnownFileType = sourcecode.swift; path = ImageLoader.swift; sourceTree = "<group>"; };
		D934882B2604B734005A8291 /* CustomProgressView.swift */ = {isa = PBXFileReference; lastKnownFileType = sourcecode.swift; path = CustomProgressView.swift; sourceTree = "<group>"; };
		D93488322604C248005A8291 /* DetailFeedViewController.swift */ = {isa = PBXFileReference; lastKnownFileType = sourcecode.swift; name = DetailFeedViewController.swift; path = PMProject/ViewController/DetailFeedViewController/DetailFeedViewController.swift; sourceTree = SOURCE_ROOT; };
		D93488332604C248005A8291 /* DetailFeedViewController.xib */ = {isa = PBXFileReference; lastKnownFileType = file.xib; name = DetailFeedViewController.xib; path = PMProject/ViewController/DetailFeedViewController/DetailFeedViewController.xib; sourceTree = SOURCE_ROOT; };
		D93488382604C338005A8291 /* DetailInfoCollectionViewCell.swift */ = {isa = PBXFileReference; lastKnownFileType = sourcecode.swift; path = DetailInfoCollectionViewCell.swift; sourceTree = "<group>"; };
		D93488392604C338005A8291 /* DetailInfoCollectionViewCell.xib */ = {isa = PBXFileReference; lastKnownFileType = file.xib; path = DetailInfoCollectionViewCell.xib; sourceTree = "<group>"; };
		D934884E2604D436005A8291 /* UICollectionView+Extension.swift */ = {isa = PBXFileReference; lastKnownFileType = sourcecode.swift; path = "UICollectionView+Extension.swift"; sourceTree = "<group>"; };
		D93488512604D593005A8291 /* DetailFeedCollectionViewDataSource.swift */ = {isa = PBXFileReference; lastKnownFileType = sourcecode.swift; path = DetailFeedCollectionViewDataSource.swift; sourceTree = "<group>"; };
		D934885F2604FB2E005A8291 /* DetailFeedCollectionReusableView.swift */ = {isa = PBXFileReference; lastKnownFileType = sourcecode.swift; path = DetailFeedCollectionReusableView.swift; sourceTree = "<group>"; };
		D93488602604FB2E005A8291 /* DetailFeedCollectionReusableView.xib */ = {isa = PBXFileReference; lastKnownFileType = file.xib; path = DetailFeedCollectionReusableView.xib; sourceTree = "<group>"; };
		D93BFEAD260363EF00BB93F1 /* PMProject.app */ = {isa = PBXFileReference; explicitFileType = wrapper.application; includeInIndex = 0; path = PMProject.app; sourceTree = BUILT_PRODUCTS_DIR; };
		D93BFEB0260363EF00BB93F1 /* AppDelegate.swift */ = {isa = PBXFileReference; lastKnownFileType = sourcecode.swift; path = AppDelegate.swift; sourceTree = "<group>"; };
		D93BFEB2260363EF00BB93F1 /* SceneDelegate.swift */ = {isa = PBXFileReference; lastKnownFileType = sourcecode.swift; path = SceneDelegate.swift; sourceTree = "<group>"; };
		D93BFEB9260363F200BB93F1 /* Assets.xcassets */ = {isa = PBXFileReference; lastKnownFileType = folder.assetcatalog; path = Assets.xcassets; sourceTree = "<group>"; };
		D93BFEBC260363F200BB93F1 /* Base */ = {isa = PBXFileReference; lastKnownFileType = file.storyboard; name = Base; path = Base.lproj/LaunchScreen.storyboard; sourceTree = "<group>"; };
		D93BFEBE260363F200BB93F1 /* Info.plist */ = {isa = PBXFileReference; lastKnownFileType = text.plist.xml; path = Info.plist; sourceTree = "<group>"; };
		D985739D2605EFAB00C9E987 /* GoogleService-Info.plist */ = {isa = PBXFileReference; fileEncoding = 4; lastKnownFileType = text.plist.xml; path = "GoogleService-Info.plist"; sourceTree = "<group>"; };
		D9D5A29E26073107007B22DA /* CharacteristicsPair.swift */ = {isa = PBXFileReference; lastKnownFileType = sourcecode.swift; path = CharacteristicsPair.swift; sourceTree = "<group>"; };
/* End PBXFileReference section */

/* Begin PBXFrameworksBuildPhase section */
		D93BFEAA260363EF00BB93F1 /* Frameworks */ = {
			isa = PBXFrameworksBuildPhase;
			buildActionMask = 2147483647;
			files = (
				88C0F89E2603E7BA0084A05E /* KeychainAccess in Frameworks */,
				D93487F526049AEA005A8291 /* TotalizatorNetworkLayer in Frameworks */,
				950739F6703AC9FB8C292C0B /* Pods_PMProject.framework in Frameworks */,
			);
			runOnlyForDeploymentPostprocessing = 0;
		};
/* End PBXFrameworksBuildPhase section */

/* Begin PBXGroup section */
		88BB4CEB26072026008B5A5E /* BetModalViewController */ = {
			isa = PBXGroup;
			children = (
				88BB4CEC26072026008B5A5E /* BetModalViewController.swift */,
				88BB4CED26072026008B5A5E /* BetModalViewController.xib */,
				88BB4CEE26072026008B5A5E /* ModalTransition */,
			);
			path = BetModalViewController;
			sourceTree = "<group>";
		};
		88BB4CEE26072026008B5A5E /* ModalTransition */ = {
			isa = PBXGroup;
			children = (
				88BB4CEF26072026008B5A5E /* PresentationController.swift */,
				88BB4CF026072026008B5A5E /* PresentAnimation.swift */,
				88BB4CF126072026008B5A5E /* DismissAnimation.swift */,
				88BB4CF226072026008B5A5E /* ModalTransition.swift */,
			);
			path = ModalTransition;
			sourceTree = "<group>";
		};
		88C0F8712603A9340084A05E /* Resources */ = {
			isa = PBXGroup;
			children = (
				88C0F8722603A9340084A05E /* Font */,
			);
			path = Resources;
			sourceTree = "<group>";
		};
		88C0F8722603A9340084A05E /* Font */ = {
			isa = PBXGroup;
			children = (
				88C0F8732603A9340084A05E /* RobotoCondensed-Bold.ttf */,
				88C0F8742603A9340084A05E /* RobotoCondensed-Regular.ttf */,
			);
			path = Font;
			sourceTree = "<group>";
		};
		88C0F8792603C77C0084A05E /* Model */ = {
			isa = PBXGroup;
			children = (
				88C0F8972603E7480084A05E /* AuthorizationManager */,
				88C0F87F2603CA580084A05E /* Coordinator */,
				D90BF234260620CA00B4B38A /* Event */,
				D90BF23C26064C5E00B4B38A /* ImageLoader.swift */,
			);
			path = Model;
			sourceTree = "<group>";
		};
		88C0F87A2603C7890084A05E /* ViewController */ = {
			isa = PBXGroup;
			children = (
				88BB4CEB26072026008B5A5E /* BetModalViewController */,
				D93488312604C1DD005A8291 /* DetailFeedViewController */,
				88C0F8BC2604A00A0084A05E /* Authorization */,
				88C0F8A42603E9820084A05E /* ProfileViewController */,
				88C0F8882603CAE90084A05E /* FeedViewController */,
			);
			path = ViewController;
			sourceTree = "<group>";
		};
		88C0F87D2603C79F0084A05E /* Extension */ = {
			isa = PBXGroup;
			children = (
				88C0F8A02603E84B0084A05E /* Keychain+Key.swift */,
				88C0F8B6260406980084A05E /* UIColor.swift */,
				88C0F8C92604AB2F0084A05E /* UIResponder.swift */,
				88BB4CE826072014008B5A5E /* UIView.swift */,
				D934884E2604D436005A8291 /* UICollectionView+Extension.swift */,
				88A5F3752608AC6C00378E4F /* UIButton.swift */,
			);
			path = Extension;
			sourceTree = "<group>";
		};
		88C0F87F2603CA580084A05E /* Coordinator */ = {
			isa = PBXGroup;
			children = (
				88C0F8852603CA910084A05E /* MainCoordinator.swift */,
			);
			path = Coordinator;
			sourceTree = "<group>";
		};
		88C0F8802603CA630084A05E /* Protocols */ = {
			isa = PBXGroup;
			children = (
				88C0F8812603CA750084A05E /* Coordinator.swift */,
			);
			path = Protocols;
			sourceTree = "<group>";
		};
		88C0F8882603CAE90084A05E /* FeedViewController */ = {
			isa = PBXGroup;
			children = (
				88C0F8D72604B1730084A05E /* EventsCollectionViewDataSource.swift */,
				88C0F8892603CAF40084A05E /* FeedViewController.swift */,
				88C0F88D2603CB700084A05E /* FeedViewController.xib */,
			);
			path = FeedViewController;
			sourceTree = "<group>";
		};
		88C0F8972603E7480084A05E /* AuthorizationManager */ = {
			isa = PBXGroup;
			children = (
				88C0F8982603E7650084A05E /* AuthorizationManager.swift */,
			);
			path = AuthorizationManager;
			sourceTree = "<group>";
		};
		88C0F8A42603E9820084A05E /* ProfileViewController */ = {
			isa = PBXGroup;
			children = (
				88C0F8A52603E98C0084A05E /* ProfileViewController.swift */,
				88C0F8A82603E9910084A05E /* ProfileViewController.xib */,
			);
			path = ProfileViewController;
			sourceTree = "<group>";
		};
		88C0F8AC2603E9CA0084A05E /* LoginViewController */ = {
			isa = PBXGroup;
			children = (
				88C0F8AD2603E9CE0084A05E /* LoginViewController.xib */,
				88C0F8B02603E9D20084A05E /* LoginViewController.swift */,
			);
			path = LoginViewController;
			sourceTree = "<group>";
		};
		88C0F8BB26049FFF0084A05E /* RegisterViewController */ = {
			isa = PBXGroup;
			children = (
				88C0F8BE2604A0210084A05E /* RegisterViewController.swift */,
				88C0F8C12604A0270084A05E /* RegisterViewController.xib */,
			);
			path = RegisterViewController;
			sourceTree = "<group>";
		};
		88C0F8BC2604A00A0084A05E /* Authorization */ = {
			isa = PBXGroup;
			children = (
				88C0F8BB26049FFF0084A05E /* RegisterViewController */,
				88C0F8AC2603E9CA0084A05E /* LoginViewController */,
			);
			path = Authorization;
			sourceTree = "<group>";
		};
		88C0F8C62604AA330084A05E /* View */ = {
			isa = PBXGroup;
			children = (
				88C0F8E02604B8450084A05E /* СustomProgressView */,
				88C0F8C72604AA610084A05E /* EventCollectionViewCell */,
				D934883D2604C340005A8291 /* DetailInfoCollectionViewCell */,
				D93488642604FB34005A8291 /* DetailFeedCollectionReusableView */,
				88A5F3722608A29D00378E4F /* GradientView.swift */,
			);
			path = View;
			sourceTree = "<group>";
		};
		88C0F8C72604AA610084A05E /* EventCollectionViewCell */ = {
			isa = PBXGroup;
			children = (
				88C0F8CC2604AB8B0084A05E /* EventCollectionViewCell.swift */,
				88C0F8D32604ABBB0084A05E /* EventCollectionViewCell.xib */,
			);
			path = EventCollectionViewCell;
			sourceTree = "<group>";
		};
		88C0F8E02604B8450084A05E /* СustomProgressView */ = {
			isa = PBXGroup;
			children = (
				D934882B2604B734005A8291 /* CustomProgressView.swift */,
			);
			path = "СustomProgressView";
			sourceTree = "<group>";
		};
		93BA948FEDFE1A2B5579EDD3 /* Pods */ = {
			isa = PBXGroup;
			children = (
				A9334F42FA409F1B3806A85B /* Pods-PMProject.debug.xcconfig */,
				0EA111BEC0DBD6D90258103B /* Pods-PMProject.release.xcconfig */,
			);
			path = Pods;
			sourceTree = "<group>";
		};
		D90BF234260620CA00B4B38A /* Event */ = {
			isa = PBXGroup;
			children = (
				D90BF22B26061CC900B4B38A /* Event.swift */,
				D90BF22E260620AA00B4B38A /* Team.swift */,
				D90BF231260620BB00B4B38A /* BetSum.swift */,
				D9D5A29E26073107007B22DA /* CharacteristicsPair.swift */,
			);
			path = Event;
			sourceTree = "<group>";
		};
		D93488312604C1DD005A8291 /* DetailFeedViewController */ = {
			isa = PBXGroup;
			children = (
				D93488552604D5AC005A8291 /* DetailFeedCollectionView */,
				D93488322604C248005A8291 /* DetailFeedViewController.swift */,
				D93488332604C248005A8291 /* DetailFeedViewController.xib */,
			);
			path = DetailFeedViewController;
			sourceTree = "<group>";
		};
		D934883D2604C340005A8291 /* DetailInfoCollectionViewCell */ = {
			isa = PBXGroup;
			children = (
				D93488382604C338005A8291 /* DetailInfoCollectionViewCell.swift */,
				D93488392604C338005A8291 /* DetailInfoCollectionViewCell.xib */,
			);
			path = DetailInfoCollectionViewCell;
			sourceTree = "<group>";
		};
		D93488552604D5AC005A8291 /* DetailFeedCollectionView */ = {
			isa = PBXGroup;
			children = (
				D93488512604D593005A8291 /* DetailFeedCollectionViewDataSource.swift */,
			);
			path = DetailFeedCollectionView;
			sourceTree = "<group>";
		};
		D93488642604FB34005A8291 /* DetailFeedCollectionReusableView */ = {
			isa = PBXGroup;
			children = (
				D934885F2604FB2E005A8291 /* DetailFeedCollectionReusableView.swift */,
				D93488602604FB2E005A8291 /* DetailFeedCollectionReusableView.xib */,
			);
			path = DetailFeedCollectionReusableView;
			sourceTree = "<group>";
		};
		D93BFEA4260363EF00BB93F1 = {
			isa = PBXGroup;
			children = (
				D93BFEAF260363EF00BB93F1 /* PMProject */,
				D93BFEAE260363EF00BB93F1 /* Products */,
				D93BFEC72603642200BB93F1 /* Frameworks */,
				93BA948FEDFE1A2B5579EDD3 /* Pods */,
			);
			sourceTree = "<group>";
		};
		D93BFEAE260363EF00BB93F1 /* Products */ = {
			isa = PBXGroup;
			children = (
				D93BFEAD260363EF00BB93F1 /* PMProject.app */,
			);
			name = Products;
			sourceTree = "<group>";
		};
		D93BFEAF260363EF00BB93F1 /* PMProject */ = {
			isa = PBXGroup;
			children = (
				88C0F87D2603C79F0084A05E /* Extension */,
				88C0F8C62604AA330084A05E /* View */,
				88C0F87A2603C7890084A05E /* ViewController */,
				88C0F8802603CA630084A05E /* Protocols */,
				88C0F8792603C77C0084A05E /* Model */,
				88C0F8712603A9340084A05E /* Resources */,
				D93BFEB0260363EF00BB93F1 /* AppDelegate.swift */,
				D93BFEB2260363EF00BB93F1 /* SceneDelegate.swift */,
				D93BFEB9260363F200BB93F1 /* Assets.xcassets */,
				D93BFEBB260363F200BB93F1 /* LaunchScreen.storyboard */,
				D985739D2605EFAB00C9E987 /* GoogleService-Info.plist */,
				D93BFEBE260363F200BB93F1 /* Info.plist */,
			);
			path = PMProject;
			sourceTree = "<group>";
		};
		D93BFEC72603642200BB93F1 /* Frameworks */ = {
			isa = PBXGroup;
			children = (
				BD557A38EF98E1ADDB86D161 /* Pods_PMProject.framework */,
			);
			name = Frameworks;
			sourceTree = "<group>";
		};
/* End PBXGroup section */

/* Begin PBXNativeTarget section */
		D93BFEAC260363EF00BB93F1 /* PMProject */ = {
			isa = PBXNativeTarget;
			buildConfigurationList = D93BFEC1260363F200BB93F1 /* Build configuration list for PBXNativeTarget "PMProject" */;
			buildPhases = (
				77C334C68F1EEEDEA8AF33F5 /* [CP] Check Pods Manifest.lock */,
				D93BFEA9260363EF00BB93F1 /* Sources */,
				D93BFEAA260363EF00BB93F1 /* Frameworks */,
				D93BFEAB260363EF00BB93F1 /* Resources */,
				AE389CDF24467E622FC07BD8 /* [CP] Embed Pods Frameworks */,
				D98573AC2605F9EF00C9E987 /* FirebaseCrashlytics Script */,
			);
			buildRules = (
			);
			dependencies = (
			);
			name = PMProject;
			packageProductDependencies = (
				88C0F89D2603E7BA0084A05E /* KeychainAccess */,
				D93487F426049AEA005A8291 /* TotalizatorNetworkLayer */,
			);
			productName = PMProject;
			productReference = D93BFEAD260363EF00BB93F1 /* PMProject.app */;
			productType = "com.apple.product-type.application";
		};
/* End PBXNativeTarget section */

/* Begin PBXProject section */
		D93BFEA5260363EF00BB93F1 /* Project object */ = {
			isa = PBXProject;
			attributes = {
				LastSwiftUpdateCheck = 1240;
				LastUpgradeCheck = 1240;
				TargetAttributes = {
					D93BFEAC260363EF00BB93F1 = {
						CreatedOnToolsVersion = 12.4;
					};
				};
			};
			buildConfigurationList = D93BFEA8260363EF00BB93F1 /* Build configuration list for PBXProject "PMProject" */;
			compatibilityVersion = "Xcode 9.3";
			developmentRegion = en;
			hasScannedForEncodings = 0;
			knownRegions = (
				en,
				Base,
			);
			mainGroup = D93BFEA4260363EF00BB93F1;
			packageReferences = (
				88C0F89C2603E7BA0084A05E /* XCRemoteSwiftPackageReference "KeychainAccess" */,
				D93487F326049AEA005A8291 /* XCRemoteSwiftPackageReference "TotalizatorNetworkLayer" */,
			);
			productRefGroup = D93BFEAE260363EF00BB93F1 /* Products */;
			projectDirPath = "";
			projectRoot = "";
			targets = (
				D93BFEAC260363EF00BB93F1 /* PMProject */,
			);
		};
/* End PBXProject section */

/* Begin PBXResourcesBuildPhase section */
		D93BFEAB260363EF00BB93F1 /* Resources */ = {
			isa = PBXResourcesBuildPhase;
			buildActionMask = 2147483647;
			files = (
				88BB4CF426072026008B5A5E /* BetModalViewController.xib in Resources */,
				D985739E2605EFAB00C9E987 /* GoogleService-Info.plist in Resources */,
				88C0F8A92603E9910084A05E /* ProfileViewController.xib in Resources */,
				88C0F8762603A93C0084A05E /* RobotoCondensed-Bold.ttf in Resources */,
				88C0F8772603A93C0084A05E /* RobotoCondensed-Regular.ttf in Resources */,
				D93488352604C248005A8291 /* DetailFeedViewController.xib in Resources */,
				D934883B2604C338005A8291 /* DetailInfoCollectionViewCell.xib in Resources */,
				D93BFEBD260363F200BB93F1 /* LaunchScreen.storyboard in Resources */,
				D93BFEBA260363F200BB93F1 /* Assets.xcassets in Resources */,
				88C0F8AE2603E9CE0084A05E /* LoginViewController.xib in Resources */,
				D93488622604FB2E005A8291 /* DetailFeedCollectionReusableView.xib in Resources */,
				88C0F88E2603CB700084A05E /* FeedViewController.xib in Resources */,
				88C0F8C22604A0270084A05E /* RegisterViewController.xib in Resources */,
				88C0F8D42604ABBB0084A05E /* EventCollectionViewCell.xib in Resources */,
			);
			runOnlyForDeploymentPostprocessing = 0;
		};
/* End PBXResourcesBuildPhase section */

/* Begin PBXShellScriptBuildPhase section */
		77C334C68F1EEEDEA8AF33F5 /* [CP] Check Pods Manifest.lock */ = {
			isa = PBXShellScriptBuildPhase;
			buildActionMask = 2147483647;
			files = (
			);
			inputFileListPaths = (
			);
			inputPaths = (
				"${PODS_PODFILE_DIR_PATH}/Podfile.lock",
				"${PODS_ROOT}/Manifest.lock",
			);
			name = "[CP] Check Pods Manifest.lock";
			outputFileListPaths = (
			);
			outputPaths = (
				"$(DERIVED_FILE_DIR)/Pods-PMProject-checkManifestLockResult.txt",
			);
			runOnlyForDeploymentPostprocessing = 0;
			shellPath = /bin/sh;
			shellScript = "diff \"${PODS_PODFILE_DIR_PATH}/Podfile.lock\" \"${PODS_ROOT}/Manifest.lock\" > /dev/null\nif [ $? != 0 ] ; then\n    # print error to STDERR\n    echo \"error: The sandbox is not in sync with the Podfile.lock. Run 'pod install' or update your CocoaPods installation.\" >&2\n    exit 1\nfi\n# This output is used by Xcode 'outputs' to avoid re-running this script phase.\necho \"SUCCESS\" > \"${SCRIPT_OUTPUT_FILE_0}\"\n";
			showEnvVarsInLog = 0;
		};
		AE389CDF24467E622FC07BD8 /* [CP] Embed Pods Frameworks */ = {
			isa = PBXShellScriptBuildPhase;
			buildActionMask = 2147483647;
			files = (
			);
			inputFileListPaths = (
				"${PODS_ROOT}/Target Support Files/Pods-PMProject/Pods-PMProject-frameworks-${CONFIGURATION}-input-files.xcfilelist",
			);
			name = "[CP] Embed Pods Frameworks";
			outputFileListPaths = (
				"${PODS_ROOT}/Target Support Files/Pods-PMProject/Pods-PMProject-frameworks-${CONFIGURATION}-output-files.xcfilelist",
			);
			runOnlyForDeploymentPostprocessing = 0;
			shellPath = /bin/sh;
			shellScript = "\"${PODS_ROOT}/Target Support Files/Pods-PMProject/Pods-PMProject-frameworks.sh\"\n";
			showEnvVarsInLog = 0;
		};
		D98573AC2605F9EF00C9E987 /* FirebaseCrashlytics Script */ = {
			isa = PBXShellScriptBuildPhase;
			buildActionMask = 2147483647;
			files = (
			);
			inputFileListPaths = (
			);
			inputPaths = (
				"${DWARF_DSYM_FOLDER_PATH}/${DWARF_DSYM_FILE_NAME}/Contents/Resources/DWARF/${TARGET_NAME}",
				"$(SRCROOT)/$(BUILT_PRODUCTS_DIR)/$(INFOPLIST_PATH)",
			);
			name = "FirebaseCrashlytics Script";
			outputFileListPaths = (
			);
			outputPaths = (
			);
			runOnlyForDeploymentPostprocessing = 0;
			shellPath = /bin/sh;
			shellScript = "\"${PODS_ROOT}/FirebaseCrashlytics/run\"\n";
		};
/* End PBXShellScriptBuildPhase section */

/* Begin PBXSourcesBuildPhase section */
		D93BFEA9260363EF00BB93F1 /* Sources */ = {
			isa = PBXSourcesBuildPhase;
			buildActionMask = 2147483647;
			files = (
				88C0F8B12603E9D20084A05E /* LoginViewController.swift in Sources */,
				D934882C2604B734005A8291 /* CustomProgressView.swift in Sources */,
				88BB4CF526072026008B5A5E /* PresentationController.swift in Sources */,
				88C0F8BF2604A0210084A05E /* RegisterViewController.swift in Sources */,
				88C0F8822603CA750084A05E /* Coordinator.swift in Sources */,
				D9D5A29F26073107007B22DA /* CharacteristicsPair.swift in Sources */,
				D93BFEB1260363EF00BB93F1 /* AppDelegate.swift in Sources */,
				88BB4CF626072026008B5A5E /* PresentAnimation.swift in Sources */,
				88A5F3762608AC6C00378E4F /* UIButton.swift in Sources */,
				88C0F8D82604B1730084A05E /* EventsCollectionViewDataSource.swift in Sources */,
				88C0F8CA2604AB2F0084A05E /* UIResponder.swift in Sources */,
				D90BF232260620BC00B4B38A /* BetSum.swift in Sources */,
				88C0F8992603E7650084A05E /* AuthorizationManager.swift in Sources */,
				D934883A2604C338005A8291 /* DetailInfoCollectionViewCell.swift in Sources */,
				D93488572604D62F005A8291 /* DetailFeedCollectionViewDataSource.swift in Sources */,
				88C0F8862603CA910084A05E /* MainCoordinator.swift in Sources */,
				D90BF22C26061CC900B4B38A /* Event.swift in Sources */,
				88C0F88A2603CAF40084A05E /* FeedViewController.swift in Sources */,
				88C0F8B7260406980084A05E /* UIColor.swift in Sources */,
				88C0F8CD2604AB8B0084A05E /* EventCollectionViewCell.swift in Sources */,
				88BB4CF826072026008B5A5E /* ModalTransition.swift in Sources */,
				D90BF23D26064C5E00B4B38A /* ImageLoader.swift in Sources */,
				88C0F8A62603E98C0084A05E /* ProfileViewController.swift in Sources */,
				88A5F3732608A29D00378E4F /* GradientView.swift in Sources */,
				D934884F2604D436005A8291 /* UICollectionView+Extension.swift in Sources */,
				D93488612604FB2E005A8291 /* DetailFeedCollectionReusableView.swift in Sources */,
				88BB4CE926072014008B5A5E /* UIView.swift in Sources */,
				D90BF22F260620AA00B4B38A /* Team.swift in Sources */,
				88C0F8A12603E84B0084A05E /* Keychain+Key.swift in Sources */,
				D93488342604C248005A8291 /* DetailFeedViewController.swift in Sources */,
				88BB4CF326072026008B5A5E /* BetModalViewController.swift in Sources */,
				88BB4CF726072026008B5A5E /* DismissAnimation.swift in Sources */,
				D93BFEB3260363EF00BB93F1 /* SceneDelegate.swift in Sources */,
			);
			runOnlyForDeploymentPostprocessing = 0;
		};
/* End PBXSourcesBuildPhase section */

/* Begin PBXVariantGroup section */
		D93BFEBB260363F200BB93F1 /* LaunchScreen.storyboard */ = {
			isa = PBXVariantGroup;
			children = (
				D93BFEBC260363F200BB93F1 /* Base */,
			);
			name = LaunchScreen.storyboard;
			sourceTree = "<group>";
		};
/* End PBXVariantGroup section */

/* Begin XCBuildConfiguration section */
		D93BFEBF260363F200BB93F1 /* Debug */ = {
			isa = XCBuildConfiguration;
			buildSettings = {
				ALWAYS_SEARCH_USER_PATHS = NO;
				CLANG_ANALYZER_NONNULL = YES;
				CLANG_ANALYZER_NUMBER_OBJECT_CONVERSION = YES_AGGRESSIVE;
				CLANG_CXX_LANGUAGE_STANDARD = "gnu++14";
				CLANG_CXX_LIBRARY = "libc++";
				CLANG_ENABLE_MODULES = YES;
				CLANG_ENABLE_OBJC_ARC = YES;
				CLANG_ENABLE_OBJC_WEAK = YES;
				CLANG_WARN_BLOCK_CAPTURE_AUTORELEASING = YES;
				CLANG_WARN_BOOL_CONVERSION = YES;
				CLANG_WARN_COMMA = YES;
				CLANG_WARN_CONSTANT_CONVERSION = YES;
				CLANG_WARN_DEPRECATED_OBJC_IMPLEMENTATIONS = YES;
				CLANG_WARN_DIRECT_OBJC_ISA_USAGE = YES_ERROR;
				CLANG_WARN_DOCUMENTATION_COMMENTS = YES;
				CLANG_WARN_EMPTY_BODY = YES;
				CLANG_WARN_ENUM_CONVERSION = YES;
				CLANG_WARN_INFINITE_RECURSION = YES;
				CLANG_WARN_INT_CONVERSION = YES;
				CLANG_WARN_NON_LITERAL_NULL_CONVERSION = YES;
				CLANG_WARN_OBJC_IMPLICIT_RETAIN_SELF = YES;
				CLANG_WARN_OBJC_LITERAL_CONVERSION = YES;
				CLANG_WARN_OBJC_ROOT_CLASS = YES_ERROR;
				CLANG_WARN_QUOTED_INCLUDE_IN_FRAMEWORK_HEADER = YES;
				CLANG_WARN_RANGE_LOOP_ANALYSIS = YES;
				CLANG_WARN_STRICT_PROTOTYPES = YES;
				CLANG_WARN_SUSPICIOUS_MOVE = YES;
				CLANG_WARN_UNGUARDED_AVAILABILITY = YES_AGGRESSIVE;
				CLANG_WARN_UNREACHABLE_CODE = YES;
				CLANG_WARN__DUPLICATE_METHOD_MATCH = YES;
				COPY_PHASE_STRIP = NO;
				DEBUG_INFORMATION_FORMAT = dwarf;
				ENABLE_STRICT_OBJC_MSGSEND = YES;
				ENABLE_TESTABILITY = YES;
				GCC_C_LANGUAGE_STANDARD = gnu11;
				GCC_DYNAMIC_NO_PIC = NO;
				GCC_NO_COMMON_BLOCKS = YES;
				GCC_OPTIMIZATION_LEVEL = 0;
				GCC_PREPROCESSOR_DEFINITIONS = (
					"DEBUG=1",
					"$(inherited)",
				);
				GCC_WARN_64_TO_32_BIT_CONVERSION = YES;
				GCC_WARN_ABOUT_RETURN_TYPE = YES_ERROR;
				GCC_WARN_UNDECLARED_SELECTOR = YES;
				GCC_WARN_UNINITIALIZED_AUTOS = YES_AGGRESSIVE;
				GCC_WARN_UNUSED_FUNCTION = YES;
				GCC_WARN_UNUSED_VARIABLE = YES;
				IPHONEOS_DEPLOYMENT_TARGET = 14.4;
				MTL_ENABLE_DEBUG_INFO = INCLUDE_SOURCE;
				MTL_FAST_MATH = YES;
				ONLY_ACTIVE_ARCH = YES;
				SDKROOT = iphoneos;
				SWIFT_ACTIVE_COMPILATION_CONDITIONS = DEBUG;
				SWIFT_OPTIMIZATION_LEVEL = "-Onone";
			};
			name = Debug;
		};
		D93BFEC0260363F200BB93F1 /* Release */ = {
			isa = XCBuildConfiguration;
			buildSettings = {
				ALWAYS_SEARCH_USER_PATHS = NO;
				CLANG_ANALYZER_NONNULL = YES;
				CLANG_ANALYZER_NUMBER_OBJECT_CONVERSION = YES_AGGRESSIVE;
				CLANG_CXX_LANGUAGE_STANDARD = "gnu++14";
				CLANG_CXX_LIBRARY = "libc++";
				CLANG_ENABLE_MODULES = YES;
				CLANG_ENABLE_OBJC_ARC = YES;
				CLANG_ENABLE_OBJC_WEAK = YES;
				CLANG_WARN_BLOCK_CAPTURE_AUTORELEASING = YES;
				CLANG_WARN_BOOL_CONVERSION = YES;
				CLANG_WARN_COMMA = YES;
				CLANG_WARN_CONSTANT_CONVERSION = YES;
				CLANG_WARN_DEPRECATED_OBJC_IMPLEMENTATIONS = YES;
				CLANG_WARN_DIRECT_OBJC_ISA_USAGE = YES_ERROR;
				CLANG_WARN_DOCUMENTATION_COMMENTS = YES;
				CLANG_WARN_EMPTY_BODY = YES;
				CLANG_WARN_ENUM_CONVERSION = YES;
				CLANG_WARN_INFINITE_RECURSION = YES;
				CLANG_WARN_INT_CONVERSION = YES;
				CLANG_WARN_NON_LITERAL_NULL_CONVERSION = YES;
				CLANG_WARN_OBJC_IMPLICIT_RETAIN_SELF = YES;
				CLANG_WARN_OBJC_LITERAL_CONVERSION = YES;
				CLANG_WARN_OBJC_ROOT_CLASS = YES_ERROR;
				CLANG_WARN_QUOTED_INCLUDE_IN_FRAMEWORK_HEADER = YES;
				CLANG_WARN_RANGE_LOOP_ANALYSIS = YES;
				CLANG_WARN_STRICT_PROTOTYPES = YES;
				CLANG_WARN_SUSPICIOUS_MOVE = YES;
				CLANG_WARN_UNGUARDED_AVAILABILITY = YES_AGGRESSIVE;
				CLANG_WARN_UNREACHABLE_CODE = YES;
				CLANG_WARN__DUPLICATE_METHOD_MATCH = YES;
				COPY_PHASE_STRIP = NO;
				DEBUG_INFORMATION_FORMAT = "dwarf-with-dsym";
				ENABLE_NS_ASSERTIONS = NO;
				ENABLE_STRICT_OBJC_MSGSEND = YES;
				GCC_C_LANGUAGE_STANDARD = gnu11;
				GCC_NO_COMMON_BLOCKS = YES;
				GCC_WARN_64_TO_32_BIT_CONVERSION = YES;
				GCC_WARN_ABOUT_RETURN_TYPE = YES_ERROR;
				GCC_WARN_UNDECLARED_SELECTOR = YES;
				GCC_WARN_UNINITIALIZED_AUTOS = YES_AGGRESSIVE;
				GCC_WARN_UNUSED_FUNCTION = YES;
				GCC_WARN_UNUSED_VARIABLE = YES;
				IPHONEOS_DEPLOYMENT_TARGET = 14.4;
				MTL_ENABLE_DEBUG_INFO = NO;
				MTL_FAST_MATH = YES;
				SDKROOT = iphoneos;
				SWIFT_COMPILATION_MODE = wholemodule;
				SWIFT_OPTIMIZATION_LEVEL = "-O";
				VALIDATE_PRODUCT = YES;
			};
			name = Release;
		};
		D93BFEC2260363F200BB93F1 /* Debug */ = {
			isa = XCBuildConfiguration;
			baseConfigurationReference = A9334F42FA409F1B3806A85B /* Pods-PMProject.debug.xcconfig */;
			buildSettings = {
				ASSETCATALOG_COMPILER_APPICON_NAME = AppIcon;
				ASSETCATALOG_COMPILER_GLOBAL_ACCENT_COLOR_NAME = AccentColor;
				CODE_SIGN_STYLE = Automatic;
				DEBUG_INFORMATION_FORMAT = "dwarf-with-dsym";
				DEVELOPMENT_TEAM = 87N7QPTHS6;
				INFOPLIST_FILE = PMProject/Info.plist;
				LD_RUNPATH_SEARCH_PATHS = (
					"$(inherited)",
					"@executable_path/Frameworks",
				);
				PRODUCT_BUNDLE_IDENTIFIER = "com.beaxhem.PM-Totalizator";
				PRODUCT_NAME = "$(TARGET_NAME)";
				SWIFT_VERSION = 5.0;
				TARGETED_DEVICE_FAMILY = 1;
			};
			name = Debug;
		};
		D93BFEC3260363F200BB93F1 /* Release */ = {
			isa = XCBuildConfiguration;
			baseConfigurationReference = 0EA111BEC0DBD6D90258103B /* Pods-PMProject.release.xcconfig */;
			buildSettings = {
				ASSETCATALOG_COMPILER_APPICON_NAME = AppIcon;
				ASSETCATALOG_COMPILER_GLOBAL_ACCENT_COLOR_NAME = AccentColor;
				CODE_SIGN_STYLE = Automatic;
				DEVELOPMENT_TEAM = 87N7QPTHS6;
				INFOPLIST_FILE = PMProject/Info.plist;
				LD_RUNPATH_SEARCH_PATHS = (
					"$(inherited)",
					"@executable_path/Frameworks",
				);
				PRODUCT_BUNDLE_IDENTIFIER = "com.beaxhem.PM-Totalizator";
				PRODUCT_NAME = "$(TARGET_NAME)";
				SWIFT_VERSION = 5.0;
				TARGETED_DEVICE_FAMILY = 1;
			};
			name = Release;
		};
/* End XCBuildConfiguration section */

/* Begin XCConfigurationList section */
		D93BFEA8260363EF00BB93F1 /* Build configuration list for PBXProject "PMProject" */ = {
			isa = XCConfigurationList;
			buildConfigurations = (
				D93BFEBF260363F200BB93F1 /* Debug */,
				D93BFEC0260363F200BB93F1 /* Release */,
			);
			defaultConfigurationIsVisible = 0;
			defaultConfigurationName = Release;
		};
		D93BFEC1260363F200BB93F1 /* Build configuration list for PBXNativeTarget "PMProject" */ = {
			isa = XCConfigurationList;
			buildConfigurations = (
				D93BFEC2260363F200BB93F1 /* Debug */,
				D93BFEC3260363F200BB93F1 /* Release */,
			);
			defaultConfigurationIsVisible = 0;
			defaultConfigurationName = Release;
		};
/* End XCConfigurationList section */

/* Begin XCRemoteSwiftPackageReference section */
		88C0F89C2603E7BA0084A05E /* XCRemoteSwiftPackageReference "KeychainAccess" */ = {
			isa = XCRemoteSwiftPackageReference;
			repositoryURL = "https://github.com/kishikawakatsumi/KeychainAccess.git";
			requirement = {
				kind = exactVersion;
				version = 4.2.2;
			};
		};
		D93487F326049AEA005A8291 /* XCRemoteSwiftPackageReference "TotalizatorNetworkLayer" */ = {
			isa = XCRemoteSwiftPackageReference;
			repositoryURL = "https://github.com/alexKozachuk/TotalizatorNetworkLayer";
			requirement = {
				kind = upToNextMajorVersion;
				minimumVersion = 1.0.0;
			};
		};
/* End XCRemoteSwiftPackageReference section */

/* Begin XCSwiftPackageProductDependency section */
		88C0F89D2603E7BA0084A05E /* KeychainAccess */ = {
			isa = XCSwiftPackageProductDependency;
			package = 88C0F89C2603E7BA0084A05E /* XCRemoteSwiftPackageReference "KeychainAccess" */;
			productName = KeychainAccess;
		};
		D93487F426049AEA005A8291 /* TotalizatorNetworkLayer */ = {
			isa = XCSwiftPackageProductDependency;
			package = D93487F326049AEA005A8291 /* XCRemoteSwiftPackageReference "TotalizatorNetworkLayer" */;
			productName = TotalizatorNetworkLayer;
		};
/* End XCSwiftPackageProductDependency section */
	};
	rootObject = D93BFEA5260363EF00BB93F1 /* Project object */;
}
