{
  "object": {
    "pins": [
      {
        "package": "KeychainAccess",
        "repositoryURL": "https://github.com/kishikawakatsumi/KeychainAccess.git",
        "state": {
          "branch": null,
          "revision": "84e546727d66f1adc5439debad16270d0fdd04e7",
          "version": "4.2.2"
        }
      },
      {
        "package": "TotalizatorNetworkLayer",
        "repositoryURL": "https://github.com/alexKozachuk/TotalizatorNetworkLayer",
        "state": {
          "branch": null,
          "revision": "d9ea91584eb7c4d38f7b720ba628b348dfb54797",
          "version": "1.4.1"
        }
      }
    ]
  },
  "version": 1
}
