{
  "object": {
    "pins": [
      {
        "package": "KeychainAccess",
        "repositoryURL": "https://github.com/kishikawakatsumi/KeychainAccess.git",
        "state": {
          "branch": null,
          "revision": "84e546727d66f1adc5439debad16270d0fdd04e7",
          "version": "4.2.2"
        }
      },
      {
        "package": "TotalizatorNetworkLayer",
        "repositoryURL": "https://github.com/alexKozachuk/TotalizatorNetworkLayer",
        "state": {
          "branch": null,
          "revision": "b95fcc15c3c5e20b43158a74f6a7e6e3dbc0428a",
          "version": "1.1.0"
        }
      }
    ]
  },
  "version": 1
}
