{
  "object": {
    "pins": [
      {
        "package": "KeychainAccess",
        "repositoryURL": "https://github.com/kishikawakatsumi/KeychainAccess.git",
        "state": {
          "branch": null,
          "revision": "84e546727d66f1adc5439debad16270d0fdd04e7",
          "version": "4.2.2"
        }
      },
      {
        "package": "TotalizatorNetworkLayer",
        "repositoryURL": "https://github.com/alexKozachuk/TotalizatorNetworkLayer",
        "state": {
          "branch": null,
          "revision": "7b31f2362a10155c4427b3673719c6311e706c09",
          "version": "1.2.0"
        }
      }
    ]
  },
  "version": 1
}
